// !$*UTF8*$!
{
	archiveVersion = 1;
	classes = {
	};
	objectVersion = 56;
	objects = {

/* Begin PBXBuildFile section */
		2186DB0D2A30946900773C5E /* UIView+Extensions.swift in Sources */ = {isa = PBXBuildFile; fileRef = 2186DB0C2A30946900773C5E /* UIView+Extensions.swift */; };
		2186DB0F2A30BD6600773C5E /* Node.swift in Sources */ = {isa = PBXBuildFile; fileRef = 2186DB0E2A30BD6600773C5E /* Node.swift */; };
		2186DB112A30DF4700773C5E /* UIMindMap.swift in Sources */ = {isa = PBXBuildFile; fileRef = 2186DB102A30DF4700773C5E /* UIMindMap.swift */; };
		218DA9C92A2B205800459C61 /* AppDelegate.swift in Sources */ = {isa = PBXBuildFile; fileRef = 218DA9C82A2B205800459C61 /* AppDelegate.swift */; };
		218DA9CB2A2B205800459C61 /* SceneDelegate.swift in Sources */ = {isa = PBXBuildFile; fileRef = 218DA9CA2A2B205800459C61 /* SceneDelegate.swift */; };
		218DA9CD2A2B205800459C61 /* MindMapVC.swift in Sources */ = {isa = PBXBuildFile; fileRef = 218DA9CC2A2B205800459C61 /* MindMapVC.swift */; };
		218DA9D02A2B205800459C61 /* Main.storyboard in Resources */ = {isa = PBXBuildFile; fileRef = 218DA9CE2A2B205800459C61 /* Main.storyboard */; };
		218DA9D22A2B205900459C61 /* Assets.xcassets in Resources */ = {isa = PBXBuildFile; fileRef = 218DA9D12A2B205900459C61 /* Assets.xcassets */; };
		218DA9D52A2B205900459C61 /* LaunchScreen.storyboard in Resources */ = {isa = PBXBuildFile; fileRef = 218DA9D32A2B205900459C61 /* LaunchScreen.storyboard */; };
		21C21C492A34B5D800F40BE3 /* ProjectsVC.swift in Sources */ = {isa = PBXBuildFile; fileRef = 21C21C482A34B5D800F40BE3 /* ProjectsVC.swift */; };
		21C21C4B2A34B60200F40BE3 /* SettingsVC.swift in Sources */ = {isa = PBXBuildFile; fileRef = 21C21C4A2A34B60200F40BE3 /* SettingsVC.swift */; };
		21C21C4D2A34B61900F40BE3 /* PurchaseVC.swift in Sources */ = {isa = PBXBuildFile; fileRef = 21C21C4C2A34B61900F40BE3 /* PurchaseVC.swift */; };
		21C21C4F2A34B62E00F40BE3 /* PaletteVC.swift in Sources */ = {isa = PBXBuildFile; fileRef = 21C21C4E2A34B62E00F40BE3 /* PaletteVC.swift */; };
		21C21C522A34B7C400F40BE3 /* IQKeyboardManagerSwift in Frameworks */ = {isa = PBXBuildFile; productRef = 21C21C512A34B7C400F40BE3 /* IQKeyboardManagerSwift */; };
		21C21C542A36145200F40BE3 /* Enumerations.swift in Sources */ = {isa = PBXBuildFile; fileRef = 21C21C532A36145200F40BE3 /* Enumerations.swift */; };
		21C21C572A38DD8D00F40BE3 /* monogamma.otf in Resources */ = {isa = PBXBuildFile; fileRef = 21C21C552A38DCFB00F40BE3 /* monogamma.otf */; };
		21C21C622A38DFAD00F40BE3 /* Ubuntu-Medium.ttf in Resources */ = {isa = PBXBuildFile; fileRef = 21C21C592A38DFAD00F40BE3 /* Ubuntu-Medium.ttf */; };
		21C21C632A38DFAD00F40BE3 /* Ubuntu-LightItalic.ttf in Resources */ = {isa = PBXBuildFile; fileRef = 21C21C5A2A38DFAD00F40BE3 /* Ubuntu-LightItalic.ttf */; };
		21C21C642A38DFAD00F40BE3 /* Ubuntu-Regular.ttf in Resources */ = {isa = PBXBuildFile; fileRef = 21C21C5B2A38DFAD00F40BE3 /* Ubuntu-Regular.ttf */; };
		21C21C652A38DFAD00F40BE3 /* Ubuntu-Bold.ttf in Resources */ = {isa = PBXBuildFile; fileRef = 21C21C5C2A38DFAD00F40BE3 /* Ubuntu-Bold.ttf */; };
		21C21C662A38DFAD00F40BE3 /* Ubuntu-MediumItalic.ttf in Resources */ = {isa = PBXBuildFile; fileRef = 21C21C5D2A38DFAD00F40BE3 /* Ubuntu-MediumItalic.ttf */; };
		21C21C672A38DFAD00F40BE3 /* Ubuntu-BoldItalic.ttf in Resources */ = {isa = PBXBuildFile; fileRef = 21C21C5E2A38DFAD00F40BE3 /* Ubuntu-BoldItalic.ttf */; };
		21C21C682A38DFAD00F40BE3 /* Ubuntu-Italic.ttf in Resources */ = {isa = PBXBuildFile; fileRef = 21C21C5F2A38DFAD00F40BE3 /* Ubuntu-Italic.ttf */; };
		21C21C692A38DFAD00F40BE3 /* Ubuntu-Light.ttf in Resources */ = {isa = PBXBuildFile; fileRef = 21C21C602A38DFAD00F40BE3 /* Ubuntu-Light.ttf */; };
		21C21C6A2A38DFAD00F40BE3 /* UFL.txt in Resources */ = {isa = PBXBuildFile; fileRef = 21C21C612A38DFAD00F40BE3 /* UFL.txt */; };
		21DBA0012A38F4C800DFAC66 /* InitialVC.swift in Sources */ = {isa = PBXBuildFile; fileRef = 21DBA0002A38F4C800DFAC66 /* InitialVC.swift */; };
		21DBA0032A39E18C00DFAC66 /* Store.swift in Sources */ = {isa = PBXBuildFile; fileRef = 21DBA0022A39E18C00DFAC66 /* Store.swift */; };
		21DBA0052A39EC5500DFAC66 /* UIFont+Extensions.swift in Sources */ = {isa = PBXBuildFile; fileRef = 21DBA0042A39EC5500DFAC66 /* UIFont+Extensions.swift */; };
/* End PBXBuildFile section */

/* Begin PBXFileReference section */
		2186DB0C2A30946900773C5E /* UIView+Extensions.swift */ = {isa = PBXFileReference; lastKnownFileType = sourcecode.swift; path = "UIView+Extensions.swift"; sourceTree = "<group>"; };
		2186DB0E2A30BD6600773C5E /* Node.swift */ = {isa = PBXFileReference; lastKnownFileType = sourcecode.swift; path = Node.swift; sourceTree = "<group>"; };
		2186DB102A30DF4700773C5E /* UIMindMap.swift */ = {isa = PBXFileReference; lastKnownFileType = sourcecode.swift; path = UIMindMap.swift; sourceTree = "<group>"; };
		218DA9C52A2B205800459C61 /* CAOCAP.app */ = {isa = PBXFileReference; explicitFileType = wrapper.application; includeInIndex = 0; path = CAOCAP.app; sourceTree = BUILT_PRODUCTS_DIR; };
		218DA9C82A2B205800459C61 /* AppDelegate.swift */ = {isa = PBXFileReference; lastKnownFileType = sourcecode.swift; path = AppDelegate.swift; sourceTree = "<group>"; };
		218DA9CA2A2B205800459C61 /* SceneDelegate.swift */ = {isa = PBXFileReference; lastKnownFileType = sourcecode.swift; path = SceneDelegate.swift; sourceTree = "<group>"; };
		218DA9CC2A2B205800459C61 /* MindMapVC.swift */ = {isa = PBXFileReference; lastKnownFileType = sourcecode.swift; path = MindMapVC.swift; sourceTree = "<group>"; };
		218DA9CF2A2B205800459C61 /* Base */ = {isa = PBXFileReference; lastKnownFileType = file.storyboard; name = Base; path = Base.lproj/Main.storyboard; sourceTree = "<group>"; };
		218DA9D12A2B205900459C61 /* Assets.xcassets */ = {isa = PBXFileReference; lastKnownFileType = folder.assetcatalog; path = Assets.xcassets; sourceTree = "<group>"; };
		218DA9D42A2B205900459C61 /* Base */ = {isa = PBXFileReference; lastKnownFileType = file.storyboard; name = Base; path = Base.lproj/LaunchScreen.storyboard; sourceTree = "<group>"; };
		218DA9D62A2B205900459C61 /* Info.plist */ = {isa = PBXFileReference; lastKnownFileType = text.plist.xml; path = Info.plist; sourceTree = "<group>"; };
		21C21C482A34B5D800F40BE3 /* ProjectsVC.swift */ = {isa = PBXFileReference; lastKnownFileType = sourcecode.swift; path = ProjectsVC.swift; sourceTree = "<group>"; };
		21C21C4A2A34B60200F40BE3 /* SettingsVC.swift */ = {isa = PBXFileReference; lastKnownFileType = sourcecode.swift; path = SettingsVC.swift; sourceTree = "<group>"; };
		21C21C4C2A34B61900F40BE3 /* PurchaseVC.swift */ = {isa = PBXFileReference; lastKnownFileType = sourcecode.swift; path = PurchaseVC.swift; sourceTree = "<group>"; };
		21C21C4E2A34B62E00F40BE3 /* PaletteVC.swift */ = {isa = PBXFileReference; lastKnownFileType = sourcecode.swift; path = PaletteVC.swift; sourceTree = "<group>"; };
		21C21C532A36145200F40BE3 /* Enumerations.swift */ = {isa = PBXFileReference; lastKnownFileType = sourcecode.swift; path = Enumerations.swift; sourceTree = "<group>"; };
		21C21C552A38DCFB00F40BE3 /* monogamma.otf */ = {isa = PBXFileReference; lastKnownFileType = file; path = monogamma.otf; sourceTree = "<group>"; };
		21C21C592A38DFAD00F40BE3 /* Ubuntu-Medium.ttf */ = {isa = PBXFileReference; lastKnownFileType = file; path = "Ubuntu-Medium.ttf"; sourceTree = "<group>"; };
		21C21C5A2A38DFAD00F40BE3 /* Ubuntu-LightItalic.ttf */ = {isa = PBXFileReference; lastKnownFileType = file; path = "Ubuntu-LightItalic.ttf"; sourceTree = "<group>"; };
		21C21C5B2A38DFAD00F40BE3 /* Ubuntu-Regular.ttf */ = {isa = PBXFileReference; lastKnownFileType = file; path = "Ubuntu-Regular.ttf"; sourceTree = "<group>"; };
		21C21C5C2A38DFAD00F40BE3 /* Ubuntu-Bold.ttf */ = {isa = PBXFileReference; lastKnownFileType = file; path = "Ubuntu-Bold.ttf"; sourceTree = "<group>"; };
		21C21C5D2A38DFAD00F40BE3 /* Ubuntu-MediumItalic.ttf */ = {isa = PBXFileReference; lastKnownFileType = file; path = "Ubuntu-MediumItalic.ttf"; sourceTree = "<group>"; };
		21C21C5E2A38DFAD00F40BE3 /* Ubuntu-BoldItalic.ttf */ = {isa = PBXFileReference; lastKnownFileType = file; path = "Ubuntu-BoldItalic.ttf"; sourceTree = "<group>"; };
		21C21C5F2A38DFAD00F40BE3 /* Ubuntu-Italic.ttf */ = {isa = PBXFileReference; lastKnownFileType = file; path = "Ubuntu-Italic.ttf"; sourceTree = "<group>"; };
		21C21C602A38DFAD00F40BE3 /* Ubuntu-Light.ttf */ = {isa = PBXFileReference; lastKnownFileType = file; path = "Ubuntu-Light.ttf"; sourceTree = "<group>"; };
		21C21C612A38DFAD00F40BE3 /* UFL.txt */ = {isa = PBXFileReference; fileEncoding = 4; lastKnownFileType = text; path = UFL.txt; sourceTree = "<group>"; };
		21DBA0002A38F4C800DFAC66 /* InitialVC.swift */ = {isa = PBXFileReference; lastKnownFileType = sourcecode.swift; path = InitialVC.swift; sourceTree = "<group>"; };
		21DBA0022A39E18C00DFAC66 /* Store.swift */ = {isa = PBXFileReference; lastKnownFileType = sourcecode.swift; path = Store.swift; sourceTree = "<group>"; };
		21DBA0042A39EC5500DFAC66 /* UIFont+Extensions.swift */ = {isa = PBXFileReference; lastKnownFileType = sourcecode.swift; path = "UIFont+Extensions.swift"; sourceTree = "<group>"; };
/* End PBXFileReference section */

/* Begin PBXFrameworksBuildPhase section */
		218DA9C22A2B205800459C61 /* Frameworks */ = {
			isa = PBXFrameworksBuildPhase;
			buildActionMask = 2147483647;
			files = (
				21C21C522A34B7C400F40BE3 /* IQKeyboardManagerSwift in Frameworks */,
			);
			runOnlyForDeploymentPostprocessing = 0;
		};
/* End PBXFrameworksBuildPhase section */

/* Begin PBXGroup section */
		218DA9BC2A2B205800459C61 = {
			isa = PBXGroup;
			children = (
				218DA9C72A2B205800459C61 /* CAOCAP */,
				218DA9C62A2B205800459C61 /* Products */,
			);
			sourceTree = "<group>";
		};
		218DA9C62A2B205800459C61 /* Products */ = {
			isa = PBXGroup;
			children = (
				218DA9C52A2B205800459C61 /* CAOCAP.app */,
			);
			name = Products;
			sourceTree = "<group>";
		};
		218DA9C72A2B205800459C61 /* CAOCAP */ = {
			isa = PBXGroup;
			children = (
				2186DB0C2A30946900773C5E /* UIView+Extensions.swift */,
				21DBA0042A39EC5500DFAC66 /* UIFont+Extensions.swift */,
				21C21C532A36145200F40BE3 /* Enumerations.swift */,
				218DA9C82A2B205800459C61 /* AppDelegate.swift */,
				218DA9CA2A2B205800459C61 /* SceneDelegate.swift */,
				218DA9CC2A2B205800459C61 /* MindMapVC.swift */,
				21DBA0002A38F4C800DFAC66 /* InitialVC.swift */,
				2186DB102A30DF4700773C5E /* UIMindMap.swift */,
				21C21C4E2A34B62E00F40BE3 /* PaletteVC.swift */,
				21C21C4C2A34B61900F40BE3 /* PurchaseVC.swift */,
				21C21C4A2A34B60200F40BE3 /* SettingsVC.swift */,
				21C21C482A34B5D800F40BE3 /* ProjectsVC.swift */,
				2186DB0E2A30BD6600773C5E /* Node.swift */,
				21DBA0022A39E18C00DFAC66 /* Store.swift */,
				218DA9CE2A2B205800459C61 /* Main.storyboard */,
				218DA9D32A2B205900459C61 /* LaunchScreen.storyboard */,
				218DA9D12A2B205900459C61 /* Assets.xcassets */,
				21C21C562A38DD7D00F40BE3 /* Fonts */,
				218DA9D62A2B205900459C61 /* Info.plist */,
			);
			path = CAOCAP;
			sourceTree = "<group>";
		};
		21C21C562A38DD7D00F40BE3 /* Fonts */ = {
			isa = PBXGroup;
			children = (
				21C21C6B2A38EBF600F40BE3 /* monogamma */,
				21C21C582A38DFAD00F40BE3 /* Ubuntu */,
			);
			path = Fonts;
			sourceTree = "<group>";
		};
		21C21C582A38DFAD00F40BE3 /* Ubuntu */ = {
			isa = PBXGroup;
			children = (
				21C21C592A38DFAD00F40BE3 /* Ubuntu-Medium.ttf */,
				21C21C5A2A38DFAD00F40BE3 /* Ubuntu-LightItalic.ttf */,
				21C21C5B2A38DFAD00F40BE3 /* Ubuntu-Regular.ttf */,
				21C21C5C2A38DFAD00F40BE3 /* Ubuntu-Bold.ttf */,
				21C21C5D2A38DFAD00F40BE3 /* Ubuntu-MediumItalic.ttf */,
				21C21C5E2A38DFAD00F40BE3 /* Ubuntu-BoldItalic.ttf */,
				21C21C5F2A38DFAD00F40BE3 /* Ubuntu-Italic.ttf */,
				21C21C602A38DFAD00F40BE3 /* Ubuntu-Light.ttf */,
				21C21C612A38DFAD00F40BE3 /* UFL.txt */,
			);
			path = Ubuntu;
			sourceTree = "<group>";
		};
		21C21C6B2A38EBF600F40BE3 /* monogamma */ = {
			isa = PBXGroup;
			children = (
				21C21C552A38DCFB00F40BE3 /* monogamma.otf */,
			);
			path = monogamma;
			sourceTree = "<group>";
		};
/* End PBXGroup section */

/* Begin PBXNativeTarget section */
		218DA9C42A2B205800459C61 /* CAOCAP */ = {
			isa = PBXNativeTarget;
			buildConfigurationList = 218DA9D92A2B205900459C61 /* Build configuration list for PBXNativeTarget "CAOCAP" */;
			buildPhases = (
				218DA9C12A2B205800459C61 /* Sources */,
				218DA9C22A2B205800459C61 /* Frameworks */,
				218DA9C32A2B205800459C61 /* Resources */,
			);
			buildRules = (
			);
			dependencies = (
			);
			name = CAOCAP;
			packageProductDependencies = (
				21C21C512A34B7C400F40BE3 /* IQKeyboardManagerSwift */,
			);
			productName = CAOCAP;
			productReference = 218DA9C52A2B205800459C61 /* CAOCAP.app */;
			productType = "com.apple.product-type.application";
		};
/* End PBXNativeTarget section */

/* Begin PBXProject section */
		218DA9BD2A2B205800459C61 /* Project object */ = {
			isa = PBXProject;
			attributes = {
				BuildIndependentTargetsInParallel = 1;
				LastSwiftUpdateCheck = 1430;
				LastUpgradeCheck = 1430;
				TargetAttributes = {
					218DA9C42A2B205800459C61 = {
						CreatedOnToolsVersion = 14.3;
					};
				};
			};
			buildConfigurationList = 218DA9C02A2B205800459C61 /* Build configuration list for PBXProject "CAOCAP" */;
			compatibilityVersion = "Xcode 14.0";
			developmentRegion = en;
			hasScannedForEncodings = 0;
			knownRegions = (
				en,
				Base,
			);
			mainGroup = 218DA9BC2A2B205800459C61;
			packageReferences = (
				21C21C502A34B7C400F40BE3 /* XCRemoteSwiftPackageReference "IQKeyboardManager" */,
			);
			productRefGroup = 218DA9C62A2B205800459C61 /* Products */;
			projectDirPath = "";
			projectRoot = "";
			targets = (
				218DA9C42A2B205800459C61 /* CAOCAP */,
			);
		};
/* End PBXProject section */

/* Begin PBXResourcesBuildPhase section */
		218DA9C32A2B205800459C61 /* Resources */ = {
			isa = PBXResourcesBuildPhase;
			buildActionMask = 2147483647;
			files = (
				21C21C682A38DFAD00F40BE3 /* Ubuntu-Italic.ttf in Resources */,
				21C21C572A38DD8D00F40BE3 /* monogamma.otf in Resources */,
				21C21C6A2A38DFAD00F40BE3 /* UFL.txt in Resources */,
				21C21C622A38DFAD00F40BE3 /* Ubuntu-Medium.ttf in Resources */,
				218DA9D52A2B205900459C61 /* LaunchScreen.storyboard in Resources */,
				21C21C692A38DFAD00F40BE3 /* Ubuntu-Light.ttf in Resources */,
				218DA9D22A2B205900459C61 /* Assets.xcassets in Resources */,
				21C21C652A38DFAD00F40BE3 /* Ubuntu-Bold.ttf in Resources */,
				21C21C632A38DFAD00F40BE3 /* Ubuntu-LightItalic.ttf in Resources */,
				21C21C672A38DFAD00F40BE3 /* Ubuntu-BoldItalic.ttf in Resources */,
				21C21C642A38DFAD00F40BE3 /* Ubuntu-Regular.ttf in Resources */,
				218DA9D02A2B205800459C61 /* Main.storyboard in Resources */,
				21C21C662A38DFAD00F40BE3 /* Ubuntu-MediumItalic.ttf in Resources */,
			);
			runOnlyForDeploymentPostprocessing = 0;
		};
/* End PBXResourcesBuildPhase section */

/* Begin PBXSourcesBuildPhase section */
		218DA9C12A2B205800459C61 /* Sources */ = {
			isa = PBXSourcesBuildPhase;
			buildActionMask = 2147483647;
			files = (
				21C21C4F2A34B62E00F40BE3 /* PaletteVC.swift in Sources */,
				218DA9CD2A2B205800459C61 /* MindMapVC.swift in Sources */,
				218DA9C92A2B205800459C61 /* AppDelegate.swift in Sources */,
				2186DB0F2A30BD6600773C5E /* Node.swift in Sources */,
				21C21C4D2A34B61900F40BE3 /* PurchaseVC.swift in Sources */,
				218DA9CB2A2B205800459C61 /* SceneDelegate.swift in Sources */,
				21DBA0052A39EC5500DFAC66 /* UIFont+Extensions.swift in Sources */,
				2186DB0D2A30946900773C5E /* UIView+Extensions.swift in Sources */,
				21DBA0032A39E18C00DFAC66 /* Store.swift in Sources */,
				21C21C4B2A34B60200F40BE3 /* SettingsVC.swift in Sources */,
				2186DB112A30DF4700773C5E /* UIMindMap.swift in Sources */,
				21DBA0012A38F4C800DFAC66 /* InitialVC.swift in Sources */,
				21C21C492A34B5D800F40BE3 /* ProjectsVC.swift in Sources */,
				21C21C542A36145200F40BE3 /* Enumerations.swift in Sources */,
			);
			runOnlyForDeploymentPostprocessing = 0;
		};
/* End PBXSourcesBuildPhase section */

/* Begin PBXVariantGroup section */
		218DA9CE2A2B205800459C61 /* Main.storyboard */ = {
			isa = PBXVariantGroup;
			children = (
				218DA9CF2A2B205800459C61 /* Base */,
			);
			name = Main.storyboard;
			sourceTree = "<group>";
		};
		218DA9D32A2B205900459C61 /* LaunchScreen.storyboard */ = {
			isa = PBXVariantGroup;
			children = (
				218DA9D42A2B205900459C61 /* Base */,
			);
			name = LaunchScreen.storyboard;
			sourceTree = "<group>";
		};
/* End PBXVariantGroup section */

/* Begin XCBuildConfiguration section */
		218DA9D72A2B205900459C61 /* Debug */ = {
			isa = XCBuildConfiguration;
			buildSettings = {
				ALWAYS_SEARCH_USER_PATHS = NO;
				CLANG_ANALYZER_NONNULL = YES;
				CLANG_ANALYZER_NUMBER_OBJECT_CONVERSION = YES_AGGRESSIVE;
				CLANG_CXX_LANGUAGE_STANDARD = "gnu++20";
				CLANG_ENABLE_MODULES = YES;
				CLANG_ENABLE_OBJC_ARC = YES;
				CLANG_ENABLE_OBJC_WEAK = YES;
				CLANG_WARN_BLOCK_CAPTURE_AUTORELEASING = YES;
				CLANG_WARN_BOOL_CONVERSION = YES;
				CLANG_WARN_COMMA = YES;
				CLANG_WARN_CONSTANT_CONVERSION = YES;
				CLANG_WARN_DEPRECATED_OBJC_IMPLEMENTATIONS = YES;
				CLANG_WARN_DIRECT_OBJC_ISA_USAGE = YES_ERROR;
				CLANG_WARN_DOCUMENTATION_COMMENTS = YES;
				CLANG_WARN_EMPTY_BODY = YES;
				CLANG_WARN_ENUM_CONVERSION = YES;
				CLANG_WARN_INFINITE_RECURSION = YES;
				CLANG_WARN_INT_CONVERSION = YES;
				CLANG_WARN_NON_LITERAL_NULL_CONVERSION = YES;
				CLANG_WARN_OBJC_IMPLICIT_RETAIN_SELF = YES;
				CLANG_WARN_OBJC_LITERAL_CONVERSION = YES;
				CLANG_WARN_OBJC_ROOT_CLASS = YES_ERROR;
				CLANG_WARN_QUOTED_INCLUDE_IN_FRAMEWORK_HEADER = YES;
				CLANG_WARN_RANGE_LOOP_ANALYSIS = YES;
				CLANG_WARN_STRICT_PROTOTYPES = YES;
				CLANG_WARN_SUSPICIOUS_MOVE = YES;
				CLANG_WARN_UNGUARDED_AVAILABILITY = YES_AGGRESSIVE;
				CLANG_WARN_UNREACHABLE_CODE = YES;
				CLANG_WARN__DUPLICATE_METHOD_MATCH = YES;
				COPY_PHASE_STRIP = NO;
				DEBUG_INFORMATION_FORMAT = dwarf;
				ENABLE_STRICT_OBJC_MSGSEND = YES;
				ENABLE_TESTABILITY = YES;
				GCC_C_LANGUAGE_STANDARD = gnu11;
				GCC_DYNAMIC_NO_PIC = NO;
				GCC_NO_COMMON_BLOCKS = YES;
				GCC_OPTIMIZATION_LEVEL = 0;
				GCC_PREPROCESSOR_DEFINITIONS = (
					"DEBUG=1",
					"$(inherited)",
				);
				GCC_WARN_64_TO_32_BIT_CONVERSION = YES;
				GCC_WARN_ABOUT_RETURN_TYPE = YES_ERROR;
				GCC_WARN_UNDECLARED_SELECTOR = YES;
				GCC_WARN_UNINITIALIZED_AUTOS = YES_AGGRESSIVE;
				GCC_WARN_UNUSED_FUNCTION = YES;
				GCC_WARN_UNUSED_VARIABLE = YES;
				IPHONEOS_DEPLOYMENT_TARGET = 16.4;
				MTL_ENABLE_DEBUG_INFO = INCLUDE_SOURCE;
				MTL_FAST_MATH = YES;
				ONLY_ACTIVE_ARCH = YES;
				SDKROOT = iphoneos;
				SWIFT_ACTIVE_COMPILATION_CONDITIONS = DEBUG;
				SWIFT_OPTIMIZATION_LEVEL = "-Onone";
			};
			name = Debug;
		};
		218DA9D82A2B205900459C61 /* Release */ = {
			isa = XCBuildConfiguration;
			buildSettings = {
				ALWAYS_SEARCH_USER_PATHS = NO;
				CLANG_ANALYZER_NONNULL = YES;
				CLANG_ANALYZER_NUMBER_OBJECT_CONVERSION = YES_AGGRESSIVE;
				CLANG_CXX_LANGUAGE_STANDARD = "gnu++20";
				CLANG_ENABLE_MODULES = YES;
				CLANG_ENABLE_OBJC_ARC = YES;
				CLANG_ENABLE_OBJC_WEAK = YES;
				CLANG_WARN_BLOCK_CAPTURE_AUTORELEASING = YES;
				CLANG_WARN_BOOL_CONVERSION = YES;
				CLANG_WARN_COMMA = YES;
				CLANG_WARN_CONSTANT_CONVERSION = YES;
				CLANG_WARN_DEPRECATED_OBJC_IMPLEMENTATIONS = YES;
				CLANG_WARN_DIRECT_OBJC_ISA_USAGE = YES_ERROR;
				CLANG_WARN_DOCUMENTATION_COMMENTS = YES;
				CLANG_WARN_EMPTY_BODY = YES;
				CLANG_WARN_ENUM_CONVERSION = YES;
				CLANG_WARN_INFINITE_RECURSION = YES;
				CLANG_WARN_INT_CONVERSION = YES;
				CLANG_WARN_NON_LITERAL_NULL_CONVERSION = YES;
				CLANG_WARN_OBJC_IMPLICIT_RETAIN_SELF = YES;
				CLANG_WARN_OBJC_LITERAL_CONVERSION = YES;
				CLANG_WARN_OBJC_ROOT_CLASS = YES_ERROR;
				CLANG_WARN_QUOTED_INCLUDE_IN_FRAMEWORK_HEADER = YES;
				CLANG_WARN_RANGE_LOOP_ANALYSIS = YES;
				CLANG_WARN_STRICT_PROTOTYPES = YES;
				CLANG_WARN_SUSPICIOUS_MOVE = YES;
				CLANG_WARN_UNGUARDED_AVAILABILITY = YES_AGGRESSIVE;
				CLANG_WARN_UNREACHABLE_CODE = YES;
				CLANG_WARN__DUPLICATE_METHOD_MATCH = YES;
				COPY_PHASE_STRIP = NO;
				DEBUG_INFORMATION_FORMAT = "dwarf-with-dsym";
				ENABLE_NS_ASSERTIONS = NO;
				ENABLE_STRICT_OBJC_MSGSEND = YES;
				GCC_C_LANGUAGE_STANDARD = gnu11;
				GCC_NO_COMMON_BLOCKS = YES;
				GCC_WARN_64_TO_32_BIT_CONVERSION = YES;
				GCC_WARN_ABOUT_RETURN_TYPE = YES_ERROR;
				GCC_WARN_UNDECLARED_SELECTOR = YES;
				GCC_WARN_UNINITIALIZED_AUTOS = YES_AGGRESSIVE;
				GCC_WARN_UNUSED_FUNCTION = YES;
				GCC_WARN_UNUSED_VARIABLE = YES;
				IPHONEOS_DEPLOYMENT_TARGET = 16.4;
				MTL_ENABLE_DEBUG_INFO = NO;
				MTL_FAST_MATH = YES;
				SDKROOT = iphoneos;
				SWIFT_COMPILATION_MODE = wholemodule;
				SWIFT_OPTIMIZATION_LEVEL = "-O";
				VALIDATE_PRODUCT = YES;
			};
			name = Release;
		};
		218DA9DA2A2B205900459C61 /* Debug */ = {
			isa = XCBuildConfiguration;
			buildSettings = {
				ASSETCATALOG_COMPILER_APPICON_NAME = AppIcon;
				ASSETCATALOG_COMPILER_GLOBAL_ACCENT_COLOR_NAME = AccentColor;
				CODE_SIGN_STYLE = Automatic;
				CURRENT_PROJECT_VERSION = 1;
				DEVELOPMENT_TEAM = 6QYT6GJB4Z;
				GENERATE_INFOPLIST_FILE = YES;
				INFOPLIST_FILE = CAOCAP/Info.plist;
				INFOPLIST_KEY_LSApplicationCategoryType = "public.app-category.developer-tools";
				INFOPLIST_KEY_UIApplicationSupportsIndirectInputEvents = YES;
				INFOPLIST_KEY_UILaunchStoryboardName = LaunchScreen;
				INFOPLIST_KEY_UIMainStoryboardFile = Main;
				INFOPLIST_KEY_UISupportedInterfaceOrientations = UIInterfaceOrientationPortrait;
				INFOPLIST_KEY_UISupportedInterfaceOrientations_iPad = "UIInterfaceOrientationLandscapeLeft UIInterfaceOrientationLandscapeRight UIInterfaceOrientationPortrait UIInterfaceOrientationPortraitUpsideDown";
				IPHONEOS_DEPLOYMENT_TARGET = 15.0;
				LD_RUNPATH_SEARCH_PATHS = (
					"$(inherited)",
					"@executable_path/Frameworks",
				);
				MARKETING_VERSION = 0.0.1;
				PRODUCT_BUNDLE_IDENTIFIER = com.CAOCAP;
				PRODUCT_NAME = "$(TARGET_NAME)";
				SWIFT_EMIT_LOC_STRINGS = YES;
				SWIFT_VERSION = 5.0;
				TARGETED_DEVICE_FAMILY = "1,2";
			};
			name = Debug;
		};
		218DA9DB2A2B205900459C61 /* Release */ = {
			isa = XCBuildConfiguration;
			buildSettings = {
				ASSETCATALOG_COMPILER_APPICON_NAME = AppIcon;
				ASSETCATALOG_COMPILER_GLOBAL_ACCENT_COLOR_NAME = AccentColor;
				CODE_SIGN_STYLE = Automatic;
				CURRENT_PROJECT_VERSION = 1;
				DEVELOPMENT_TEAM = 6QYT6GJB4Z;
				GENERATE_INFOPLIST_FILE = YES;
				INFOPLIST_FILE = CAOCAP/Info.plist;
				INFOPLIST_KEY_LSApplicationCategoryType = "public.app-category.developer-tools";
				INFOPLIST_KEY_UIApplicationSupportsIndirectInputEvents = YES;
				INFOPLIST_KEY_UILaunchStoryboardName = LaunchScreen;
				INFOPLIST_KEY_UIMainStoryboardFile = Main;
				INFOPLIST_KEY_UISupportedInterfaceOrientations = UIInterfaceOrientationPortrait;
				INFOPLIST_KEY_UISupportedInterfaceOrientations_iPad = "UIInterfaceOrientationLandscapeLeft UIInterfaceOrientationLandscapeRight UIInterfaceOrientationPortrait UIInterfaceOrientationPortraitUpsideDown";
				IPHONEOS_DEPLOYMENT_TARGET = 15.0;
				LD_RUNPATH_SEARCH_PATHS = (
					"$(inherited)",
					"@executable_path/Frameworks",
				);
				MARKETING_VERSION = 0.0.1;
				PRODUCT_BUNDLE_IDENTIFIER = com.CAOCAP;
				PRODUCT_NAME = "$(TARGET_NAME)";
				SWIFT_EMIT_LOC_STRINGS = YES;
				SWIFT_VERSION = 5.0;
				TARGETED_DEVICE_FAMILY = "1,2";
			};
			name = Release;
		};
/* End XCBuildConfiguration section */

/* Begin XCConfigurationList section */
		218DA9C02A2B205800459C61 /* Build configuration list for PBXProject "CAOCAP" */ = {
			isa = XCConfigurationList;
			buildConfigurations = (
				218DA9D72A2B205900459C61 /* Debug */,
				218DA9D82A2B205900459C61 /* Release */,
			);
			defaultConfigurationIsVisible = 0;
			defaultConfigurationName = Release;
		};
		218DA9D92A2B205900459C61 /* Build configuration list for PBXNativeTarget "CAOCAP" */ = {
			isa = XCConfigurationList;
			buildConfigurations = (
				218DA9DA2A2B205900459C61 /* Debug */,
				218DA9DB2A2B205900459C61 /* Release */,
			);
			defaultConfigurationIsVisible = 0;
			defaultConfigurationName = Release;
		};
/* End XCConfigurationList section */

/* Begin XCRemoteSwiftPackageReference section */
		21C21C502A34B7C400F40BE3 /* XCRemoteSwiftPackageReference "IQKeyboardManager" */ = {
			isa = XCRemoteSwiftPackageReference;
			repositoryURL = "https://github.com/hackiftekhar/IQKeyboardManager.git";
			requirement = {
				kind = upToNextMajorVersion;
				minimumVersion = 6.5.0;
			};
		};
/* End XCRemoteSwiftPackageReference section */

/* Begin XCSwiftPackageProductDependency section */
		21C21C512A34B7C400F40BE3 /* IQKeyboardManagerSwift */ = {
			isa = XCSwiftPackageProductDependency;
			package = 21C21C502A34B7C400F40BE3 /* XCRemoteSwiftPackageReference "IQKeyboardManager" */;
			productName = IQKeyboardManagerSwift;
		};
/* End XCSwiftPackageProductDependency section */
	};
	rootObject = 218DA9BD2A2B205800459C61 /* Project object */;
}
