// !$*UTF8*$!
{
	archiveVersion = 1;
	classes = {
	};
	objectVersion = 56;
	objects = {

/* Begin PBXBuildFile section */
		2106C4152A5C95C300446620 /* Theme.xcassets in Resources */ = {isa = PBXBuildFile; fileRef = 2106C4142A5C95C300446620 /* Theme.xcassets */; };
		2106C4182A5C997A00446620 /* FirebaseAnalytics in Frameworks */ = {isa = PBXBuildFile; productRef = 2106C4172A5C997A00446620 /* FirebaseAnalytics */; };
		2106C41A2A5C997A00446620 /* FirebaseCrashlytics in Frameworks */ = {isa = PBXBuildFile; productRef = 2106C4192A5C997A00446620 /* FirebaseCrashlytics */; };
		210F19AE2A42DBE100D71A66 /* UIMindMapNode.swift in Sources */ = {isa = PBXBuildFile; fileRef = 210F19AD2A42DBE100D71A66 /* UIMindMapNode.swift */; };
		210F19B02A42DC9800D71A66 /* UIMindMapStroke.swift in Sources */ = {isa = PBXBuildFile; fileRef = 210F19AF2A42DC9800D71A66 /* UIMindMapStroke.swift */; };
		21183D072BD72380001AECAF /* WorldVC.swift in Sources */ = {isa = PBXBuildFile; fileRef = 21183D062BD72380001AECAF /* WorldVC.swift */; };
		211FEA4E2C2FC752000150FD /* intro.mp4 in Resources */ = {isa = PBXBuildFile; fileRef = 211FEA4D2C2FC752000150FD /* intro.mp4 */; };
		211FEA502C2FC84E000150FD /* ViewController.swift in Sources */ = {isa = PBXBuildFile; fileRef = 211FEA4F2C2FC84E000150FD /* ViewController.swift */; };
		212E2B1B2A745BBD00125C50 /* UIColor+Extensions.swift in Sources */ = {isa = PBXBuildFile; fileRef = 212E2B1A2A745BBD00125C50 /* UIColor+Extensions.swift */; };
		21326ED02A530CAE00255570 /* UserDefaults.swift in Sources */ = {isa = PBXBuildFile; fileRef = 21326ECF2A530CAE00255570 /* UserDefaults.swift */; };
		2133D70F2B3B628800A854F6 /* CAOCAPTests.swift in Sources */ = {isa = PBXBuildFile; fileRef = 2133D70E2B3B628800A854F6 /* CAOCAPTests.swift */; };
		2133D7182B42EC1300A854F6 /* UICanvas.swift in Sources */ = {isa = PBXBuildFile; fileRef = 2133D7172B42EC1300A854F6 /* UICanvas.swift */; };
		213DF5E02A5883D300679BB2 /* SwiftSoup in Frameworks */ = {isa = PBXBuildFile; productRef = 213DF5DF2A5883D300679BB2 /* SwiftSoup */; };
		213DF5E32A5886B300679BB2 /* ReSwift in Frameworks */ = {isa = PBXBuildFile; productRef = 213DF5E22A5886B300679BB2 /* ReSwift */; };
		213DF5E62A58A92F00679BB2 /* Lottie in Frameworks */ = {isa = PBXBuildFile; productRef = 213DF5E52A58A92F00679BB2 /* Lottie */; };
		2147F5192A6F2001004245AE /* ISOLanguageCodeCell.swift in Sources */ = {isa = PBXBuildFile; fileRef = 2147F5182A6F2001004245AE /* ISOLanguageCodeCell.swift */; };
		214995242A5C3404008B9987 /* ReduxActions.swift in Sources */ = {isa = PBXBuildFile; fileRef = 214995232A5C3404008B9987 /* ReduxActions.swift */; };
		214995262A5C3414008B9987 /* ReduxReducer.swift in Sources */ = {isa = PBXBuildFile; fileRef = 214995252A5C3414008B9987 /* ReduxReducer.swift */; };
		214995282A5C342D008B9987 /* ReduxState.swift in Sources */ = {isa = PBXBuildFile; fileRef = 214995272A5C342D008B9987 /* ReduxState.swift */; };
		2149952A2A5C34C9008B9987 /* ReduxStore.swift in Sources */ = {isa = PBXBuildFile; fileRef = 214995292A5C34C9008B9987 /* ReduxStore.swift */; };
		21534D8D2A59924F00E8078B /* GoogleService-Info.plist in Resources */ = {isa = PBXBuildFile; fileRef = 21534D8C2A59924F00E8078B /* GoogleService-Info.plist */; };
		21534D8F2A59B26F00E8078B /* NavigationVC.swift in Sources */ = {isa = PBXBuildFile; fileRef = 21534D8E2A59B26F00E8078B /* NavigationVC.swift */; };
		21534D912A59B2E200E8078B /* ContainerVC.swift in Sources */ = {isa = PBXBuildFile; fileRef = 21534D902A59B2E200E8078B /* ContainerVC.swift */; };
		21534D942A59B38B00E8078B /* Coordinator.swift in Sources */ = {isa = PBXBuildFile; fileRef = 21534D932A59B38B00E8078B /* Coordinator.swift */; };
		21534D962A59B3B300E8078B /* Storyboarded.swift in Sources */ = {isa = PBXBuildFile; fileRef = 21534D952A59B3B300E8078B /* Storyboarded.swift */; };
		21534D982A59B40A00E8078B /* MainCoordinator.swift in Sources */ = {isa = PBXBuildFile; fileRef = 21534D972A59B40A00E8078B /* MainCoordinator.swift */; };
		21534D9B2A59CD2B00E8078B /* ChartsVC.swift in Sources */ = {isa = PBXBuildFile; fileRef = 21534D9A2A59CD2B00E8078B /* ChartsVC.swift */; };
		21534D9D2A59CD8600E8078B /* UIDashboardView.swift in Sources */ = {isa = PBXBuildFile; fileRef = 21534D9C2A59CD8600E8078B /* UIDashboardView.swift */; };
		21534D9F2A59E58100E8078B /* ProjectFilesVC.swift in Sources */ = {isa = PBXBuildFile; fileRef = 21534D9E2A59E58100E8078B /* ProjectFilesVC.swift */; };
		21534DA12A5A9B3B00E8078B /* TailwindCSS.swift in Sources */ = {isa = PBXBuildFile; fileRef = 21534DA02A5A9B3B00E8078B /* TailwindCSS.swift */; };
		21534DA32A5A9ED000E8078B /* LibraryCollectionViewCell.swift in Sources */ = {isa = PBXBuildFile; fileRef = 21534DA22A5A9ED000E8078B /* LibraryCollectionViewCell.swift */; };
		21534DA72A5B038D00E8078B /* AdSupport.framework in Frameworks */ = {isa = PBXBuildFile; fileRef = 21534DA52A5AFF8F00E8078B /* AdSupport.framework */; };
		215DE72B2B527BC100546394 /* FullScreenWebViewVC.swift in Sources */ = {isa = PBXBuildFile; fileRef = 215DE72A2B527BC100546394 /* FullScreenWebViewVC.swift */; };
		2175FBDF2A648C9100F7E97F /* party.json in Resources */ = {isa = PBXBuildFile; fileRef = 2175FBDD2A648C9100F7E97F /* party.json */; };
		2175FBE02A648C9100F7E97F /* confetti.json in Resources */ = {isa = PBXBuildFile; fileRef = 2175FBDE2A648C9100F7E97F /* confetti.json */; };
		2175FBE22A648D0700F7E97F /* LottieManager.swift in Sources */ = {isa = PBXBuildFile; fileRef = 2175FBE12A648D0700F7E97F /* LottieManager.swift */; };
		2175FBE42A657D1500F7E97F /* Project.swift in Sources */ = {isa = PBXBuildFile; fileRef = 2175FBE32A657D1500F7E97F /* Project.swift */; };
		2178C19D2A4D92A300876BB6 /* ProjectSettingsVC.swift in Sources */ = {isa = PBXBuildFile; fileRef = 2178C19C2A4D92A300876BB6 /* ProjectSettingsVC.swift */; };
		2178C19F2A4D981D00876BB6 /* MainSettingsVC.swift in Sources */ = {isa = PBXBuildFile; fileRef = 2178C19E2A4D981D00876BB6 /* MainSettingsVC.swift */; };
		2178C1A22A4DA2AB00876BB6 /* SettingsTableViewCell.swift in Sources */ = {isa = PBXBuildFile; fileRef = 2178C1A12A4DA2AB00876BB6 /* SettingsTableViewCell.swift */; };
		2178C1A42A4DB2FD00876BB6 /* SettingsSwitchTableViewCell.swift in Sources */ = {isa = PBXBuildFile; fileRef = 2178C1A32A4DB2FD00876BB6 /* SettingsSwitchTableViewCell.swift */; };
		2184CCFA2A522E6200B39882 /* IntroVC.swift in Sources */ = {isa = PBXBuildFile; fileRef = 2184CCF92A522E6200B39882 /* IntroVC.swift */; };
		2186DB0D2A30946900773C5E /* UIView+Extensions.swift in Sources */ = {isa = PBXBuildFile; fileRef = 2186DB0C2A30946900773C5E /* UIView+Extensions.swift */; };
		2186DB112A30DF4700773C5E /* UIMindMap.swift in Sources */ = {isa = PBXBuildFile; fileRef = 2186DB102A30DF4700773C5E /* UIMindMap.swift */; };
		218DA9C92A2B205800459C61 /* AppDelegate.swift in Sources */ = {isa = PBXBuildFile; fileRef = 218DA9C82A2B205800459C61 /* AppDelegate.swift */; };
		218DA9CB2A2B205800459C61 /* SceneDelegate.swift in Sources */ = {isa = PBXBuildFile; fileRef = 218DA9CA2A2B205800459C61 /* SceneDelegate.swift */; };
		218DA9CD2A2B205800459C61 /* PlaygroundVC.swift in Sources */ = {isa = PBXBuildFile; fileRef = 218DA9CC2A2B205800459C61 /* PlaygroundVC.swift */; };
		218DA9D02A2B205800459C61 /* Main.storyboard in Resources */ = {isa = PBXBuildFile; fileRef = 218DA9CE2A2B205800459C61 /* Main.storyboard */; };
		218DA9D22A2B205900459C61 /* Assets.xcassets in Resources */ = {isa = PBXBuildFile; fileRef = 218DA9D12A2B205900459C61 /* Assets.xcassets */; };
		218DA9D52A2B205900459C61 /* LaunchScreen.storyboard in Resources */ = {isa = PBXBuildFile; fileRef = 218DA9D32A2B205900459C61 /* LaunchScreen.storyboard */; };
		219339812A7E3FAA002FDE05 /* Popovers in Frameworks */ = {isa = PBXBuildFile; productRef = 219339802A7E3FAA002FDE05 /* Popovers */; };
		2196065F2AA82E700099FC14 /* KeyboardManager.swift in Sources */ = {isa = PBXBuildFile; fileRef = 2196065E2AA82E700099FC14 /* KeyboardManager.swift */; };
		21A861D82A78D2C4004D36A3 /* WhatsNewVC.swift in Sources */ = {isa = PBXBuildFile; fileRef = 21A861D72A78D2C4004D36A3 /* WhatsNewVC.swift */; };
		21AF3CA52A67E44B002E96E3 /* SnapKit in Frameworks */ = {isa = PBXBuildFile; productRef = 21AF3CA42A67E44B002E96E3 /* SnapKit */; };
		21AF3CA72A6843A9002E96E3 /* RealmRepository.swift in Sources */ = {isa = PBXBuildFile; fileRef = 21AF3CA62A6843A9002E96E3 /* RealmRepository.swift */; };
		21AF3CB02A68565C002E96E3 /* RealmProjectModels.swift in Sources */ = {isa = PBXBuildFile; fileRef = 21AF3CAF2A68565C002E96E3 /* RealmProjectModels.swift */; };
		21AF3CB22A6B20DF002E96E3 /* CreditsVC.swift in Sources */ = {isa = PBXBuildFile; fileRef = 21AF3CB12A6B20DF002E96E3 /* CreditsVC.swift */; };
		21AF3CB42A6B20FD002E96E3 /* AboutUsVC.swift in Sources */ = {isa = PBXBuildFile; fileRef = 21AF3CB32A6B20FD002E96E3 /* AboutUsVC.swift */; };
		21AF3CB62A6B211E002E96E3 /* TermsOfUseVC.swift in Sources */ = {isa = PBXBuildFile; fileRef = 21AF3CB52A6B211E002E96E3 /* TermsOfUseVC.swift */; };
		21AF3CB82A6B213C002E96E3 /* PrivacyPolicyVC.swift in Sources */ = {isa = PBXBuildFile; fileRef = 21AF3CB72A6B213C002E96E3 /* PrivacyPolicyVC.swift */; };
		21AF3CBA2A6B2159002E96E3 /* SendFeedbackVC.swift in Sources */ = {isa = PBXBuildFile; fileRef = 21AF3CB92A6B2159002E96E3 /* SendFeedbackVC.swift */; };
		21AF3CBC2A6B2170002E96E3 /* SupportVC.swift in Sources */ = {isa = PBXBuildFile; fileRef = 21AF3CBB2A6B2170002E96E3 /* SupportVC.swift */; };
		21AF3CBE2A6B2188002E96E3 /* HelpVC.swift in Sources */ = {isa = PBXBuildFile; fileRef = 21AF3CBD2A6B2188002E96E3 /* HelpVC.swift */; };
		21AF3CC02A6B7096002E96E3 /* ProjectLanguageVC.swift in Sources */ = {isa = PBXBuildFile; fileRef = 21AF3CBF2A6B7096002E96E3 /* ProjectLanguageVC.swift */; };
		21AF3CC22A6B70B6002E96E3 /* ProjectTitleVC.swift in Sources */ = {isa = PBXBuildFile; fileRef = 21AF3CC12A6B70B6002E96E3 /* ProjectTitleVC.swift */; };
		21AF3CC42A6B70CC002E96E3 /* ProjectStyleVC.swift in Sources */ = {isa = PBXBuildFile; fileRef = 21AF3CC32A6B70CC002E96E3 /* ProjectStyleVC.swift */; };
		21AF3CC62A6B70E4002E96E3 /* ProjectMetaVC.swift in Sources */ = {isa = PBXBuildFile; fileRef = 21AF3CC52A6B70E4002E96E3 /* ProjectMetaVC.swift */; };
		21AF3CC82A6B70F1002E96E3 /* ProjectLinkVC.swift in Sources */ = {isa = PBXBuildFile; fileRef = 21AF3CC72A6B70F1002E96E3 /* ProjectLinkVC.swift */; };
		21AF3CCA2A6B7107002E96E3 /* ProjectScriptVC.swift in Sources */ = {isa = PBXBuildFile; fileRef = 21AF3CC92A6B7107002E96E3 /* ProjectScriptVC.swift */; };
		21AF3CCC2A6B7117002E96E3 /* ProjectBaseVC.swift in Sources */ = {isa = PBXBuildFile; fileRef = 21AF3CCB2A6B7117002E96E3 /* ProjectBaseVC.swift */; };
		21AF3CCE2A6B7128002E96E3 /* ProjectFontsVC.swift in Sources */ = {isa = PBXBuildFile; fileRef = 21AF3CCD2A6B7128002E96E3 /* ProjectFontsVC.swift */; };
		21AF3CD02A6B7139002E96E3 /* ProjectImagesVC.swift in Sources */ = {isa = PBXBuildFile; fileRef = 21AF3CCF2A6B7139002E96E3 /* ProjectImagesVC.swift */; };
		21AF3CD22A6B714A002E96E3 /* ProjectVideosVC.swift in Sources */ = {isa = PBXBuildFile; fileRef = 21AF3CD12A6B714A002E96E3 /* ProjectVideosVC.swift */; };
		21AF3CD52A6BE315002E96E3 /* String+Extensions.swift in Sources */ = {isa = PBXBuildFile; fileRef = 21AF3CD42A6BE315002E96E3 /* String+Extensions.swift */; };
		21C21C492A34B5D800F40BE3 /* ProjectsListVC.swift in Sources */ = {isa = PBXBuildFile; fileRef = 21C21C482A34B5D800F40BE3 /* ProjectsListVC.swift */; };
		21C21C4B2A34B60200F40BE3 /* SettingsVC.swift in Sources */ = {isa = PBXBuildFile; fileRef = 21C21C4A2A34B60200F40BE3 /* SettingsVC.swift */; };
		21C21C4D2A34B61900F40BE3 /* PurchaseVC.swift in Sources */ = {isa = PBXBuildFile; fileRef = 21C21C4C2A34B61900F40BE3 /* PurchaseVC.swift */; };
		21C21C4F2A34B62E00F40BE3 /* PaletteVC.swift in Sources */ = {isa = PBXBuildFile; fileRef = 21C21C4E2A34B62E00F40BE3 /* PaletteVC.swift */; };
		21C21C522A34B7C400F40BE3 /* IQKeyboardManagerSwift in Frameworks */ = {isa = PBXBuildFile; productRef = 21C21C512A34B7C400F40BE3 /* IQKeyboardManagerSwift */; };
		21C21C542A36145200F40BE3 /* Enumerations.swift in Sources */ = {isa = PBXBuildFile; fileRef = 21C21C532A36145200F40BE3 /* Enumerations.swift */; };
		21C21C572A38DD8D00F40BE3 /* monogamma.otf in Resources */ = {isa = PBXBuildFile; fileRef = 21C21C552A38DCFB00F40BE3 /* monogamma.otf */; };
		21C21C622A38DFAD00F40BE3 /* Ubuntu-Medium.ttf in Resources */ = {isa = PBXBuildFile; fileRef = 21C21C592A38DFAD00F40BE3 /* Ubuntu-Medium.ttf */; };
		21C21C632A38DFAD00F40BE3 /* Ubuntu-LightItalic.ttf in Resources */ = {isa = PBXBuildFile; fileRef = 21C21C5A2A38DFAD00F40BE3 /* Ubuntu-LightItalic.ttf */; };
		21C21C642A38DFAD00F40BE3 /* Ubuntu-Regular.ttf in Resources */ = {isa = PBXBuildFile; fileRef = 21C21C5B2A38DFAD00F40BE3 /* Ubuntu-Regular.ttf */; };
		21C21C652A38DFAD00F40BE3 /* Ubuntu-Bold.ttf in Resources */ = {isa = PBXBuildFile; fileRef = 21C21C5C2A38DFAD00F40BE3 /* Ubuntu-Bold.ttf */; };
		21C21C662A38DFAD00F40BE3 /* Ubuntu-MediumItalic.ttf in Resources */ = {isa = PBXBuildFile; fileRef = 21C21C5D2A38DFAD00F40BE3 /* Ubuntu-MediumItalic.ttf */; };
		21C21C672A38DFAD00F40BE3 /* Ubuntu-BoldItalic.ttf in Resources */ = {isa = PBXBuildFile; fileRef = 21C21C5E2A38DFAD00F40BE3 /* Ubuntu-BoldItalic.ttf */; };
		21C21C682A38DFAD00F40BE3 /* Ubuntu-Italic.ttf in Resources */ = {isa = PBXBuildFile; fileRef = 21C21C5F2A38DFAD00F40BE3 /* Ubuntu-Italic.ttf */; };
		21C21C692A38DFAD00F40BE3 /* Ubuntu-Light.ttf in Resources */ = {isa = PBXBuildFile; fileRef = 21C21C602A38DFAD00F40BE3 /* Ubuntu-Light.ttf */; };
		21C21C6A2A38DFAD00F40BE3 /* UFL.txt in Resources */ = {isa = PBXBuildFile; fileRef = 21C21C612A38DFAD00F40BE3 /* UFL.txt */; };
		21CB66F42C15F0540062D7AD /* UIScrollView+Extensions.swift in Sources */ = {isa = PBXBuildFile; fileRef = 21CB66F32C15F0540062D7AD /* UIScrollView+Extensions.swift */; };
		21DBA0012A38F4C800DFAC66 /* HomeVC.swift in Sources */ = {isa = PBXBuildFile; fileRef = 21DBA0002A38F4C800DFAC66 /* HomeVC.swift */; };
		21DBA0052A39EC5500DFAC66 /* UIFont+Extensions.swift in Sources */ = {isa = PBXBuildFile; fileRef = 21DBA0042A39EC5500DFAC66 /* UIFont+Extensions.swift */; };
		21E1480D2A7F5F2000B503C2 /* FirebaseRepository.swift in Sources */ = {isa = PBXBuildFile; fileRef = 21E1480C2A7F5F2000B503C2 /* FirebaseRepository.swift */; };
		21E1480F2A7F62BE00B503C2 /* FirebaseAuth in Frameworks */ = {isa = PBXBuildFile; productRef = 21E1480E2A7F62BE00B503C2 /* FirebaseAuth */; };
		21E148112A7F62C900B503C2 /* FirebaseDatabase in Frameworks */ = {isa = PBXBuildFile; productRef = 21E148102A7F62C900B503C2 /* FirebaseDatabase */; };
		21E148132A7F639400B503C2 /* User.swift in Sources */ = {isa = PBXBuildFile; fileRef = 21E148122A7F639400B503C2 /* User.swift */; };
		21E148152A82031D00B503C2 /* Challenge.swift in Sources */ = {isa = PBXBuildFile; fileRef = 21E148142A82031D00B503C2 /* Challenge.swift */; };
		21FF62032AB263AB0003D064 /* AppConstants.swift in Sources */ = {isa = PBXBuildFile; fileRef = 21FF62022AB263AB0003D064 /* AppConstants.swift */; };
		EC1A79472CC7EB4D00731014 /* PublishVC.swift in Sources */ = {isa = PBXBuildFile; fileRef = EC1A79462CC7EB4D00731014 /* PublishVC.swift */; };
		EC65ECC62C6F581400858FCF /* Typealias.swift in Sources */ = {isa = PBXBuildFile; fileRef = EC65ECC52C6F581400858FCF /* Typealias.swift */; };
		EC6B90F32CE308010082D808 /* NodeMobile.xcframework in Frameworks */ = {isa = PBXBuildFile; fileRef = EC6B90F22CE308010082D808 /* NodeMobile.xcframework */; };
		EC6B90F42CE308010082D808 /* NodeMobile.xcframework in Embed Frameworks */ = {isa = PBXBuildFile; fileRef = EC6B90F22CE308010082D808 /* NodeMobile.xcframework */; settings = {ATTRIBUTES = (CodeSignOnCopy, RemoveHeadersOnCopy, ); }; };
		EC7B11832C5223D40020ECE4 /* CodePreviewVC.swift in Sources */ = {isa = PBXBuildFile; fileRef = EC7B11822C5223D40020ECE4 /* CodePreviewVC.swift */; };
		EC9B891A2C6C400A00FD516F /* HelperFunctions.swift in Sources */ = {isa = PBXBuildFile; fileRef = EC9B89192C6C400A00FD516F /* HelperFunctions.swift */; };
		EC9B891C2C6D79C400FD516F /* ComponentTableViewCell.swift in Sources */ = {isa = PBXBuildFile; fileRef = EC9B891B2C6D79C400FD516F /* ComponentTableViewCell.swift */; };
		EC9B891E2C6D7E6700FD516F /* DaisyUI.swift in Sources */ = {isa = PBXBuildFile; fileRef = EC9B891D2C6D7E6700FD516F /* DaisyUI.swift */; };
		EC9B89202C6F000500FD516F /* Space.sks in Resources */ = {isa = PBXBuildFile; fileRef = EC9B891F2C6F000500FD516F /* Space.sks */; };
		EC9B89232C6F00BC00FD516F /* SpaceScene.swift in Sources */ = {isa = PBXBuildFile; fileRef = EC9B89222C6F00BC00FD516F /* SpaceScene.swift */; };
		ECB40BCD2C51125300818E9C /* RealmSwift in Frameworks */ = {isa = PBXBuildFile; productRef = ECB40BCC2C51125300818E9C /* RealmSwift */; };
		ECB40BCE2C5113B500818E9C /* RealmSwift in Embed Frameworks */ = {isa = PBXBuildFile; productRef = ECB40BCC2C51125300818E9C /* RealmSwift */; settings = {ATTRIBUTES = (CodeSignOnCopy, ); }; };
		ECCA419D2C6696EA0076A4EA /* UIFlowChart.swift in Sources */ = {isa = PBXBuildFile; fileRef = ECCA419C2C6696EA0076A4EA /* UIFlowChart.swift */; };
		ECCA419F2C6697BF0076A4EA /* UIFlowChartNode.swift in Sources */ = {isa = PBXBuildFile; fileRef = ECCA419E2C6697BF0076A4EA /* UIFlowChartNode.swift */; };
		ECCA41A32C6698A30076A4EA /* UIFlowChartStroke.swift in Sources */ = {isa = PBXBuildFile; fileRef = ECCA41A22C6698A30076A4EA /* UIFlowChartStroke.swift */; };
		ECCA94772C6777BB0076AA6B /* StructureToolKit.swift in Sources */ = {isa = PBXBuildFile; fileRef = ECCA94762C6777BB0076AA6B /* StructureToolKit.swift */; };
		ECCA94792C6777D60076AA6B /* EventsToolKit.swift in Sources */ = {isa = PBXBuildFile; fileRef = ECCA94782C6777D60076AA6B /* EventsToolKit.swift */; };
		ECCA947B2C6777E40076AA6B /* SelectorsToolKit.swift in Sources */ = {isa = PBXBuildFile; fileRef = ECCA947A2C6777E40076AA6B /* SelectorsToolKit.swift */; };
		ECCA947D2C6778200076AA6B /* ToolKitVC.swift in Sources */ = {isa = PBXBuildFile; fileRef = ECCA947C2C6778200076AA6B /* ToolKitVC.swift */; };
		ECCA94832C68D9180076AA6B /* UIStyleSheet.swift in Sources */ = {isa = PBXBuildFile; fileRef = ECCA94822C68D9180076AA6B /* UIStyleSheet.swift */; };
		ECCA94852C68D9E00076AA6B /* UIStyleSheetNode.swift in Sources */ = {isa = PBXBuildFile; fileRef = ECCA94842C68D9E00076AA6B /* UIStyleSheetNode.swift */; };
		ECCA94872C68D9F70076AA6B /* UIStyleSheetStroke.swift in Sources */ = {isa = PBXBuildFile; fileRef = ECCA94862C68D9F70076AA6B /* UIStyleSheetStroke.swift */; };
		ECCA94892C68E5B20076AA6B /* AttributesToolKit.swift in Sources */ = {isa = PBXBuildFile; fileRef = ECCA94882C68E5B20076AA6B /* AttributesToolKit.swift */; };
		ECCA948B2C68E66B0076AA6B /* ClassNamesToolKit.swift in Sources */ = {isa = PBXBuildFile; fileRef = ECCA948A2C68E66B0076AA6B /* ClassNamesToolKit.swift */; };
		ECCA948D2C68E7460076AA6B /* PropertiesToolKit.swift in Sources */ = {isa = PBXBuildFile; fileRef = ECCA948C2C68E7460076AA6B /* PropertiesToolKit.swift */; };
		ECCA948F2C68E7FF0076AA6B /* ConActToolKit.swift in Sources */ = {isa = PBXBuildFile; fileRef = ECCA948E2C68E7FF0076AA6B /* ConActToolKit.swift */; };
		ECCA94912C68E8610076AA6B /* StyleToolKit.swift in Sources */ = {isa = PBXBuildFile; fileRef = ECCA94902C68E8600076AA6B /* StyleToolKit.swift */; };
		ECCA94932C68E87D0076AA6B /* ValueToolKit.swift in Sources */ = {isa = PBXBuildFile; fileRef = ECCA94922C68E87D0076AA6B /* ValueToolKit.swift */; };
		ECDB65B22C72FA8D00F63CDF /* NodeJSManager.swift in Sources */ = {isa = PBXBuildFile; fileRef = ECDB65B12C72FA8D00F63CDF /* NodeJSManager.swift */; };
		ECDB80962C73056000F63CDF /* NodeScripts in Resources */ = {isa = PBXBuildFile; fileRef = ECDB80952C73056000F63CDF /* NodeScripts */; };
		ECF48ED22C705A2D008808B0 /* StoreVC.swift in Sources */ = {isa = PBXBuildFile; fileRef = ECF48ED12C705A2D008808B0 /* StoreVC.swift */; };
		ECF48ED52C70989C008808B0 /* OpenAI-Info.plist in Resources */ = {isa = PBXBuildFile; fileRef = ECF48ED42C70989C008808B0 /* OpenAI-Info.plist */; };
		ECF48ED72C709A51008808B0 /* OpenAIManager.swift in Sources */ = {isa = PBXBuildFile; fileRef = ECF48ED62C709A51008808B0 /* OpenAIManager.swift */; };
		ECF48ED92C70A1F2008808B0 /* CoCaptainVC.swift in Sources */ = {isa = PBXBuildFile; fileRef = ECF48ED82C70A1F2008808B0 /* CoCaptainVC.swift */; };
		ECF48EDB2C70A921008808B0 /* UIViewController+Extensions.swift in Sources */ = {isa = PBXBuildFile; fileRef = ECF48EDA2C70A921008808B0 /* UIViewController+Extensions.swift */; };
		ECF48EDE2C70B5C3008808B0 /* OpenAI in Frameworks */ = {isa = PBXBuildFile; productRef = ECF48EDD2C70B5C3008808B0 /* OpenAI */; };
/* End PBXBuildFile section */

/* Begin PBXContainerItemProxy section */
		2133D7102B3B628800A854F6 /* PBXContainerItemProxy */ = {
			isa = PBXContainerItemProxy;
			containerPortal = 218DA9BD2A2B205800459C61 /* Project object */;
			proxyType = 1;
			remoteGlobalIDString = 218DA9C42A2B205800459C61;
			remoteInfo = CAOCAP;
		};
/* End PBXContainerItemProxy section */

/* Begin PBXCopyFilesBuildPhase section */
		ECB40BCF2C5113B500818E9C /* Embed Frameworks */ = {
			isa = PBXCopyFilesBuildPhase;
			buildActionMask = 2147483647;
			dstPath = "";
			dstSubfolderSpec = 10;
			files = (
				ECB40BCE2C5113B500818E9C /* RealmSwift in Embed Frameworks */,
				EC6B90F42CE308010082D808 /* NodeMobile.xcframework in Embed Frameworks */,
			);
			name = "Embed Frameworks";
			runOnlyForDeploymentPostprocessing = 0;
		};
/* End PBXCopyFilesBuildPhase section */

/* Begin PBXFileReference section */
		2106C4142A5C95C300446620 /* Theme.xcassets */ = {isa = PBXFileReference; lastKnownFileType = folder.assetcatalog; path = Theme.xcassets; sourceTree = "<group>"; };
		210F19AD2A42DBE100D71A66 /* UIMindMapNode.swift */ = {isa = PBXFileReference; lastKnownFileType = sourcecode.swift; path = UIMindMapNode.swift; sourceTree = "<group>"; };
		210F19AF2A42DC9800D71A66 /* UIMindMapStroke.swift */ = {isa = PBXFileReference; lastKnownFileType = sourcecode.swift; path = UIMindMapStroke.swift; sourceTree = "<group>"; };
		21183D062BD72380001AECAF /* WorldVC.swift */ = {isa = PBXFileReference; lastKnownFileType = sourcecode.swift; path = WorldVC.swift; sourceTree = "<group>"; };
		211FEA4D2C2FC752000150FD /* intro.mp4 */ = {isa = PBXFileReference; lastKnownFileType = file; path = intro.mp4; sourceTree = "<group>"; };
		211FEA4F2C2FC84E000150FD /* ViewController.swift */ = {isa = PBXFileReference; lastKnownFileType = sourcecode.swift; path = ViewController.swift; sourceTree = "<group>"; };
		212E2B1A2A745BBD00125C50 /* UIColor+Extensions.swift */ = {isa = PBXFileReference; lastKnownFileType = sourcecode.swift; path = "UIColor+Extensions.swift"; sourceTree = "<group>"; };
		21326ECF2A530CAE00255570 /* UserDefaults.swift */ = {isa = PBXFileReference; lastKnownFileType = sourcecode.swift; path = UserDefaults.swift; sourceTree = "<group>"; };
		2133D70C2B3B628800A854F6 /* CAOCAPTests.xctest */ = {isa = PBXFileReference; explicitFileType = wrapper.cfbundle; includeInIndex = 0; path = CAOCAPTests.xctest; sourceTree = BUILT_PRODUCTS_DIR; };
		2133D70E2B3B628800A854F6 /* CAOCAPTests.swift */ = {isa = PBXFileReference; lastKnownFileType = sourcecode.swift; path = CAOCAPTests.swift; sourceTree = "<group>"; };
		2133D7172B42EC1300A854F6 /* UICanvas.swift */ = {isa = PBXFileReference; lastKnownFileType = sourcecode.swift; path = UICanvas.swift; sourceTree = "<group>"; };
		2147F5182A6F2001004245AE /* ISOLanguageCodeCell.swift */ = {isa = PBXFileReference; lastKnownFileType = sourcecode.swift; path = ISOLanguageCodeCell.swift; sourceTree = "<group>"; };
		214995232A5C3404008B9987 /* ReduxActions.swift */ = {isa = PBXFileReference; lastKnownFileType = sourcecode.swift; path = ReduxActions.swift; sourceTree = "<group>"; };
		214995252A5C3414008B9987 /* ReduxReducer.swift */ = {isa = PBXFileReference; lastKnownFileType = sourcecode.swift; path = ReduxReducer.swift; sourceTree = "<group>"; };
		214995272A5C342D008B9987 /* ReduxState.swift */ = {isa = PBXFileReference; lastKnownFileType = sourcecode.swift; path = ReduxState.swift; sourceTree = "<group>"; };
		214995292A5C34C9008B9987 /* ReduxStore.swift */ = {isa = PBXFileReference; lastKnownFileType = sourcecode.swift; path = ReduxStore.swift; sourceTree = "<group>"; };
		21534D8C2A59924F00E8078B /* GoogleService-Info.plist */ = {isa = PBXFileReference; fileEncoding = 4; lastKnownFileType = text.plist.xml; path = "GoogleService-Info.plist"; sourceTree = "<group>"; };
		21534D8E2A59B26F00E8078B /* NavigationVC.swift */ = {isa = PBXFileReference; lastKnownFileType = sourcecode.swift; path = NavigationVC.swift; sourceTree = "<group>"; };
		21534D902A59B2E200E8078B /* ContainerVC.swift */ = {isa = PBXFileReference; lastKnownFileType = sourcecode.swift; path = ContainerVC.swift; sourceTree = "<group>"; };
		21534D932A59B38B00E8078B /* Coordinator.swift */ = {isa = PBXFileReference; lastKnownFileType = sourcecode.swift; path = Coordinator.swift; sourceTree = "<group>"; };
		21534D952A59B3B300E8078B /* Storyboarded.swift */ = {isa = PBXFileReference; lastKnownFileType = sourcecode.swift; path = Storyboarded.swift; sourceTree = "<group>"; };
		21534D972A59B40A00E8078B /* MainCoordinator.swift */ = {isa = PBXFileReference; lastKnownFileType = sourcecode.swift; path = MainCoordinator.swift; sourceTree = "<group>"; };
		21534D9A2A59CD2B00E8078B /* ChartsVC.swift */ = {isa = PBXFileReference; lastKnownFileType = sourcecode.swift; path = ChartsVC.swift; sourceTree = "<group>"; };
		21534D9C2A59CD8600E8078B /* UIDashboardView.swift */ = {isa = PBXFileReference; lastKnownFileType = sourcecode.swift; path = UIDashboardView.swift; sourceTree = "<group>"; };
		21534D9E2A59E58100E8078B /* ProjectFilesVC.swift */ = {isa = PBXFileReference; lastKnownFileType = sourcecode.swift; path = ProjectFilesVC.swift; sourceTree = "<group>"; };
		21534DA02A5A9B3B00E8078B /* TailwindCSS.swift */ = {isa = PBXFileReference; lastKnownFileType = sourcecode.swift; path = TailwindCSS.swift; sourceTree = "<group>"; };
		21534DA22A5A9ED000E8078B /* LibraryCollectionViewCell.swift */ = {isa = PBXFileReference; lastKnownFileType = sourcecode.swift; path = LibraryCollectionViewCell.swift; sourceTree = "<group>"; };
		21534DA52A5AFF8F00E8078B /* AdSupport.framework */ = {isa = PBXFileReference; lastKnownFileType = wrapper.framework; name = AdSupport.framework; path = System/Library/Frameworks/AdSupport.framework; sourceTree = SDKROOT; };
		215DE72A2B527BC100546394 /* FullScreenWebViewVC.swift */ = {isa = PBXFileReference; lastKnownFileType = sourcecode.swift; path = FullScreenWebViewVC.swift; sourceTree = "<group>"; };
		21640C492B38470000052966 /* Config-dev.xcconfig */ = {isa = PBXFileReference; lastKnownFileType = text.xcconfig; path = "Config-dev.xcconfig"; sourceTree = "<group>"; };
		2175FBDD2A648C9100F7E97F /* party.json */ = {isa = PBXFileReference; fileEncoding = 4; lastKnownFileType = text.json; path = party.json; sourceTree = "<group>"; };
		2175FBDE2A648C9100F7E97F /* confetti.json */ = {isa = PBXFileReference; fileEncoding = 4; lastKnownFileType = text.json; path = confetti.json; sourceTree = "<group>"; };
		2175FBE12A648D0700F7E97F /* LottieManager.swift */ = {isa = PBXFileReference; lastKnownFileType = sourcecode.swift; path = LottieManager.swift; sourceTree = "<group>"; };
		2175FBE32A657D1500F7E97F /* Project.swift */ = {isa = PBXFileReference; lastKnownFileType = sourcecode.swift; path = Project.swift; sourceTree = "<group>"; };
		2178C19C2A4D92A300876BB6 /* ProjectSettingsVC.swift */ = {isa = PBXFileReference; lastKnownFileType = sourcecode.swift; path = ProjectSettingsVC.swift; sourceTree = "<group>"; };
		2178C19E2A4D981D00876BB6 /* MainSettingsVC.swift */ = {isa = PBXFileReference; lastKnownFileType = sourcecode.swift; path = MainSettingsVC.swift; sourceTree = "<group>"; };
		2178C1A12A4DA2AB00876BB6 /* SettingsTableViewCell.swift */ = {isa = PBXFileReference; lastKnownFileType = sourcecode.swift; path = SettingsTableViewCell.swift; sourceTree = "<group>"; };
		2178C1A32A4DB2FD00876BB6 /* SettingsSwitchTableViewCell.swift */ = {isa = PBXFileReference; lastKnownFileType = sourcecode.swift; path = SettingsSwitchTableViewCell.swift; sourceTree = "<group>"; };
		2184CCF92A522E6200B39882 /* IntroVC.swift */ = {isa = PBXFileReference; lastKnownFileType = sourcecode.swift; path = IntroVC.swift; sourceTree = "<group>"; };
		2186DB0C2A30946900773C5E /* UIView+Extensions.swift */ = {isa = PBXFileReference; lastKnownFileType = sourcecode.swift; path = "UIView+Extensions.swift"; sourceTree = "<group>"; };
		2186DB102A30DF4700773C5E /* UIMindMap.swift */ = {isa = PBXFileReference; lastKnownFileType = sourcecode.swift; path = UIMindMap.swift; sourceTree = "<group>"; };
		218DA9C52A2B205800459C61 /* CAOCAP.app */ = {isa = PBXFileReference; explicitFileType = wrapper.application; includeInIndex = 0; path = CAOCAP.app; sourceTree = BUILT_PRODUCTS_DIR; };
		218DA9C82A2B205800459C61 /* AppDelegate.swift */ = {isa = PBXFileReference; lastKnownFileType = sourcecode.swift; path = AppDelegate.swift; sourceTree = "<group>"; };
		218DA9CA2A2B205800459C61 /* SceneDelegate.swift */ = {isa = PBXFileReference; lastKnownFileType = sourcecode.swift; path = SceneDelegate.swift; sourceTree = "<group>"; };
		218DA9CC2A2B205800459C61 /* PlaygroundVC.swift */ = {isa = PBXFileReference; lastKnownFileType = sourcecode.swift; path = PlaygroundVC.swift; sourceTree = "<group>"; };
		218DA9CF2A2B205800459C61 /* Base */ = {isa = PBXFileReference; lastKnownFileType = file.storyboard; name = Base; path = Base.lproj/Main.storyboard; sourceTree = "<group>"; };
		218DA9D12A2B205900459C61 /* Assets.xcassets */ = {isa = PBXFileReference; lastKnownFileType = folder.assetcatalog; path = Assets.xcassets; sourceTree = "<group>"; };
		218DA9D42A2B205900459C61 /* Base */ = {isa = PBXFileReference; lastKnownFileType = file.storyboard; name = Base; path = Base.lproj/LaunchScreen.storyboard; sourceTree = "<group>"; };
		218DA9D62A2B205900459C61 /* Info.plist */ = {isa = PBXFileReference; lastKnownFileType = text.plist.xml; path = Info.plist; sourceTree = "<group>"; };
		2196065E2AA82E700099FC14 /* KeyboardManager.swift */ = {isa = PBXFileReference; lastKnownFileType = sourcecode.swift; path = KeyboardManager.swift; sourceTree = "<group>"; };
		21A861D72A78D2C4004D36A3 /* WhatsNewVC.swift */ = {isa = PBXFileReference; lastKnownFileType = sourcecode.swift; path = WhatsNewVC.swift; sourceTree = "<group>"; };
		21AF3CA62A6843A9002E96E3 /* RealmRepository.swift */ = {isa = PBXFileReference; lastKnownFileType = sourcecode.swift; path = RealmRepository.swift; sourceTree = "<group>"; };
		21AF3CAF2A68565C002E96E3 /* RealmProjectModels.swift */ = {isa = PBXFileReference; lastKnownFileType = sourcecode.swift; path = RealmProjectModels.swift; sourceTree = "<group>"; };
		21AF3CB12A6B20DF002E96E3 /* CreditsVC.swift */ = {isa = PBXFileReference; lastKnownFileType = sourcecode.swift; path = CreditsVC.swift; sourceTree = "<group>"; };
		21AF3CB32A6B20FD002E96E3 /* AboutUsVC.swift */ = {isa = PBXFileReference; lastKnownFileType = sourcecode.swift; path = AboutUsVC.swift; sourceTree = "<group>"; };
		21AF3CB52A6B211E002E96E3 /* TermsOfUseVC.swift */ = {isa = PBXFileReference; lastKnownFileType = sourcecode.swift; path = TermsOfUseVC.swift; sourceTree = "<group>"; };
		21AF3CB72A6B213C002E96E3 /* PrivacyPolicyVC.swift */ = {isa = PBXFileReference; lastKnownFileType = sourcecode.swift; path = PrivacyPolicyVC.swift; sourceTree = "<group>"; };
		21AF3CB92A6B2159002E96E3 /* SendFeedbackVC.swift */ = {isa = PBXFileReference; lastKnownFileType = sourcecode.swift; path = SendFeedbackVC.swift; sourceTree = "<group>"; };
		21AF3CBB2A6B2170002E96E3 /* SupportVC.swift */ = {isa = PBXFileReference; lastKnownFileType = sourcecode.swift; path = SupportVC.swift; sourceTree = "<group>"; };
		21AF3CBD2A6B2188002E96E3 /* HelpVC.swift */ = {isa = PBXFileReference; lastKnownFileType = sourcecode.swift; path = HelpVC.swift; sourceTree = "<group>"; };
		21AF3CBF2A6B7096002E96E3 /* ProjectLanguageVC.swift */ = {isa = PBXFileReference; lastKnownFileType = sourcecode.swift; path = ProjectLanguageVC.swift; sourceTree = "<group>"; };
		21AF3CC12A6B70B6002E96E3 /* ProjectTitleVC.swift */ = {isa = PBXFileReference; lastKnownFileType = sourcecode.swift; path = ProjectTitleVC.swift; sourceTree = "<group>"; };
		21AF3CC32A6B70CC002E96E3 /* ProjectStyleVC.swift */ = {isa = PBXFileReference; lastKnownFileType = sourcecode.swift; path = ProjectStyleVC.swift; sourceTree = "<group>"; };
		21AF3CC52A6B70E4002E96E3 /* ProjectMetaVC.swift */ = {isa = PBXFileReference; lastKnownFileType = sourcecode.swift; path = ProjectMetaVC.swift; sourceTree = "<group>"; };
		21AF3CC72A6B70F1002E96E3 /* ProjectLinkVC.swift */ = {isa = PBXFileReference; lastKnownFileType = sourcecode.swift; path = ProjectLinkVC.swift; sourceTree = "<group>"; };
		21AF3CC92A6B7107002E96E3 /* ProjectScriptVC.swift */ = {isa = PBXFileReference; lastKnownFileType = sourcecode.swift; path = ProjectScriptVC.swift; sourceTree = "<group>"; };
		21AF3CCB2A6B7117002E96E3 /* ProjectBaseVC.swift */ = {isa = PBXFileReference; lastKnownFileType = sourcecode.swift; path = ProjectBaseVC.swift; sourceTree = "<group>"; };
		21AF3CCD2A6B7128002E96E3 /* ProjectFontsVC.swift */ = {isa = PBXFileReference; lastKnownFileType = sourcecode.swift; path = ProjectFontsVC.swift; sourceTree = "<group>"; };
		21AF3CCF2A6B7139002E96E3 /* ProjectImagesVC.swift */ = {isa = PBXFileReference; lastKnownFileType = sourcecode.swift; path = ProjectImagesVC.swift; sourceTree = "<group>"; };
		21AF3CD12A6B714A002E96E3 /* ProjectVideosVC.swift */ = {isa = PBXFileReference; lastKnownFileType = sourcecode.swift; path = ProjectVideosVC.swift; sourceTree = "<group>"; };
		21AF3CD42A6BE315002E96E3 /* String+Extensions.swift */ = {isa = PBXFileReference; lastKnownFileType = sourcecode.swift; path = "String+Extensions.swift"; sourceTree = "<group>"; };
		21C21C482A34B5D800F40BE3 /* ProjectsListVC.swift */ = {isa = PBXFileReference; lastKnownFileType = sourcecode.swift; path = ProjectsListVC.swift; sourceTree = "<group>"; };
		21C21C4A2A34B60200F40BE3 /* SettingsVC.swift */ = {isa = PBXFileReference; lastKnownFileType = sourcecode.swift; path = SettingsVC.swift; sourceTree = "<group>"; };
		21C21C4C2A34B61900F40BE3 /* PurchaseVC.swift */ = {isa = PBXFileReference; lastKnownFileType = sourcecode.swift; path = PurchaseVC.swift; sourceTree = "<group>"; };
		21C21C4E2A34B62E00F40BE3 /* PaletteVC.swift */ = {isa = PBXFileReference; lastKnownFileType = sourcecode.swift; path = PaletteVC.swift; sourceTree = "<group>"; };
		21C21C532A36145200F40BE3 /* Enumerations.swift */ = {isa = PBXFileReference; lastKnownFileType = sourcecode.swift; path = Enumerations.swift; sourceTree = "<group>"; };
		21C21C552A38DCFB00F40BE3 /* monogamma.otf */ = {isa = PBXFileReference; lastKnownFileType = file; path = monogamma.otf; sourceTree = "<group>"; };
		21C21C592A38DFAD00F40BE3 /* Ubuntu-Medium.ttf */ = {isa = PBXFileReference; lastKnownFileType = file; path = "Ubuntu-Medium.ttf"; sourceTree = "<group>"; };
		21C21C5A2A38DFAD00F40BE3 /* Ubuntu-LightItalic.ttf */ = {isa = PBXFileReference; lastKnownFileType = file; path = "Ubuntu-LightItalic.ttf"; sourceTree = "<group>"; };
		21C21C5B2A38DFAD00F40BE3 /* Ubuntu-Regular.ttf */ = {isa = PBXFileReference; lastKnownFileType = file; path = "Ubuntu-Regular.ttf"; sourceTree = "<group>"; };
		21C21C5C2A38DFAD00F40BE3 /* Ubuntu-Bold.ttf */ = {isa = PBXFileReference; lastKnownFileType = file; path = "Ubuntu-Bold.ttf"; sourceTree = "<group>"; };
		21C21C5D2A38DFAD00F40BE3 /* Ubuntu-MediumItalic.ttf */ = {isa = PBXFileReference; lastKnownFileType = file; path = "Ubuntu-MediumItalic.ttf"; sourceTree = "<group>"; };
		21C21C5E2A38DFAD00F40BE3 /* Ubuntu-BoldItalic.ttf */ = {isa = PBXFileReference; lastKnownFileType = file; path = "Ubuntu-BoldItalic.ttf"; sourceTree = "<group>"; };
		21C21C5F2A38DFAD00F40BE3 /* Ubuntu-Italic.ttf */ = {isa = PBXFileReference; lastKnownFileType = file; path = "Ubuntu-Italic.ttf"; sourceTree = "<group>"; };
		21C21C602A38DFAD00F40BE3 /* Ubuntu-Light.ttf */ = {isa = PBXFileReference; lastKnownFileType = file; path = "Ubuntu-Light.ttf"; sourceTree = "<group>"; };
		21C21C612A38DFAD00F40BE3 /* UFL.txt */ = {isa = PBXFileReference; fileEncoding = 4; lastKnownFileType = text; path = UFL.txt; sourceTree = "<group>"; };
		21CB66F32C15F0540062D7AD /* UIScrollView+Extensions.swift */ = {isa = PBXFileReference; lastKnownFileType = sourcecode.swift; path = "UIScrollView+Extensions.swift"; sourceTree = "<group>"; };
		21DBA0002A38F4C800DFAC66 /* HomeVC.swift */ = {isa = PBXFileReference; lastKnownFileType = sourcecode.swift; path = HomeVC.swift; sourceTree = "<group>"; };
		21DBA0042A39EC5500DFAC66 /* UIFont+Extensions.swift */ = {isa = PBXFileReference; lastKnownFileType = sourcecode.swift; path = "UIFont+Extensions.swift"; sourceTree = "<group>"; };
		21E1480C2A7F5F2000B503C2 /* FirebaseRepository.swift */ = {isa = PBXFileReference; lastKnownFileType = sourcecode.swift; path = FirebaseRepository.swift; sourceTree = "<group>"; };
		21E148122A7F639400B503C2 /* User.swift */ = {isa = PBXFileReference; lastKnownFileType = sourcecode.swift; path = User.swift; sourceTree = "<group>"; };
		21E148142A82031D00B503C2 /* Challenge.swift */ = {isa = PBXFileReference; lastKnownFileType = sourcecode.swift; path = Challenge.swift; sourceTree = "<group>"; };
		21FF62022AB263AB0003D064 /* AppConstants.swift */ = {isa = PBXFileReference; lastKnownFileType = sourcecode.swift; path = AppConstants.swift; sourceTree = "<group>"; };
		EC1A79462CC7EB4D00731014 /* PublishVC.swift */ = {isa = PBXFileReference; lastKnownFileType = sourcecode.swift; path = PublishVC.swift; sourceTree = "<group>"; };
		EC65ECC52C6F581400858FCF /* Typealias.swift */ = {isa = PBXFileReference; lastKnownFileType = sourcecode.swift; path = Typealias.swift; sourceTree = "<group>"; };
		EC6B90F22CE308010082D808 /* NodeMobile.xcframework */ = {isa = PBXFileReference; lastKnownFileType = wrapper.xcframework; name = NodeMobile.xcframework; path = "../../nodejs-mobile-v18/NodeMobile.xcframework"; sourceTree = "<group>"; };
		EC7B11822C5223D40020ECE4 /* CodePreviewVC.swift */ = {isa = PBXFileReference; lastKnownFileType = sourcecode.swift; path = CodePreviewVC.swift; sourceTree = "<group>"; };
		EC7B11842C524EFF0020ECE4 /* Subscriptions.storekit */ = {isa = PBXFileReference; lastKnownFileType = text; path = Subscriptions.storekit; sourceTree = "<group>"; };
		EC9B89192C6C400A00FD516F /* HelperFunctions.swift */ = {isa = PBXFileReference; lastKnownFileType = sourcecode.swift; path = HelperFunctions.swift; sourceTree = "<group>"; };
		EC9B891B2C6D79C400FD516F /* ComponentTableViewCell.swift */ = {isa = PBXFileReference; lastKnownFileType = sourcecode.swift; path = ComponentTableViewCell.swift; sourceTree = "<group>"; };
		EC9B891D2C6D7E6700FD516F /* DaisyUI.swift */ = {isa = PBXFileReference; lastKnownFileType = sourcecode.swift; path = DaisyUI.swift; sourceTree = "<group>"; };
		EC9B891F2C6F000500FD516F /* Space.sks */ = {isa = PBXFileReference; lastKnownFileType = file.sks; path = Space.sks; sourceTree = "<group>"; };
		EC9B89222C6F00BC00FD516F /* SpaceScene.swift */ = {isa = PBXFileReference; lastKnownFileType = sourcecode.swift; path = SpaceScene.swift; sourceTree = "<group>"; };
		ECCA419C2C6696EA0076A4EA /* UIFlowChart.swift */ = {isa = PBXFileReference; lastKnownFileType = sourcecode.swift; path = UIFlowChart.swift; sourceTree = "<group>"; };
		ECCA419E2C6697BF0076A4EA /* UIFlowChartNode.swift */ = {isa = PBXFileReference; lastKnownFileType = sourcecode.swift; path = UIFlowChartNode.swift; sourceTree = "<group>"; };
		ECCA41A22C6698A30076A4EA /* UIFlowChartStroke.swift */ = {isa = PBXFileReference; lastKnownFileType = sourcecode.swift; path = UIFlowChartStroke.swift; sourceTree = "<group>"; };
		ECCA94762C6777BB0076AA6B /* StructureToolKit.swift */ = {isa = PBXFileReference; lastKnownFileType = sourcecode.swift; path = StructureToolKit.swift; sourceTree = "<group>"; };
		ECCA94782C6777D60076AA6B /* EventsToolKit.swift */ = {isa = PBXFileReference; lastKnownFileType = sourcecode.swift; path = EventsToolKit.swift; sourceTree = "<group>"; };
		ECCA947A2C6777E40076AA6B /* SelectorsToolKit.swift */ = {isa = PBXFileReference; lastKnownFileType = sourcecode.swift; path = SelectorsToolKit.swift; sourceTree = "<group>"; };
		ECCA947C2C6778200076AA6B /* ToolKitVC.swift */ = {isa = PBXFileReference; lastKnownFileType = sourcecode.swift; path = ToolKitVC.swift; sourceTree = "<group>"; };
		ECCA94822C68D9180076AA6B /* UIStyleSheet.swift */ = {isa = PBXFileReference; lastKnownFileType = sourcecode.swift; path = UIStyleSheet.swift; sourceTree = "<group>"; };
		ECCA94842C68D9E00076AA6B /* UIStyleSheetNode.swift */ = {isa = PBXFileReference; lastKnownFileType = sourcecode.swift; path = UIStyleSheetNode.swift; sourceTree = "<group>"; };
		ECCA94862C68D9F70076AA6B /* UIStyleSheetStroke.swift */ = {isa = PBXFileReference; lastKnownFileType = sourcecode.swift; path = UIStyleSheetStroke.swift; sourceTree = "<group>"; };
		ECCA94882C68E5B20076AA6B /* AttributesToolKit.swift */ = {isa = PBXFileReference; lastKnownFileType = sourcecode.swift; path = AttributesToolKit.swift; sourceTree = "<group>"; };
		ECCA948A2C68E66B0076AA6B /* ClassNamesToolKit.swift */ = {isa = PBXFileReference; lastKnownFileType = sourcecode.swift; path = ClassNamesToolKit.swift; sourceTree = "<group>"; };
		ECCA948C2C68E7460076AA6B /* PropertiesToolKit.swift */ = {isa = PBXFileReference; lastKnownFileType = sourcecode.swift; path = PropertiesToolKit.swift; sourceTree = "<group>"; };
		ECCA948E2C68E7FF0076AA6B /* ConActToolKit.swift */ = {isa = PBXFileReference; lastKnownFileType = sourcecode.swift; path = ConActToolKit.swift; sourceTree = "<group>"; };
		ECCA94902C68E8600076AA6B /* StyleToolKit.swift */ = {isa = PBXFileReference; lastKnownFileType = sourcecode.swift; path = StyleToolKit.swift; sourceTree = "<group>"; };
		ECCA94922C68E87D0076AA6B /* ValueToolKit.swift */ = {isa = PBXFileReference; lastKnownFileType = sourcecode.swift; path = ValueToolKit.swift; sourceTree = "<group>"; };
		ECDB65B12C72FA8D00F63CDF /* NodeJSManager.swift */ = {isa = PBXFileReference; fileEncoding = 4; lastKnownFileType = sourcecode.swift; path = NodeJSManager.swift; sourceTree = "<group>"; };
		ECDB80952C73056000F63CDF /* NodeScripts */ = {isa = PBXFileReference; lastKnownFileType = folder; path = NodeScripts; sourceTree = "<group>"; };
		ECF48ED12C705A2D008808B0 /* StoreVC.swift */ = {isa = PBXFileReference; lastKnownFileType = sourcecode.swift; path = StoreVC.swift; sourceTree = "<group>"; };
		ECF48ED42C70989C008808B0 /* OpenAI-Info.plist */ = {isa = PBXFileReference; lastKnownFileType = text.plist.xml; path = "OpenAI-Info.plist"; sourceTree = "<group>"; };
		ECF48ED62C709A51008808B0 /* OpenAIManager.swift */ = {isa = PBXFileReference; lastKnownFileType = sourcecode.swift; path = OpenAIManager.swift; sourceTree = "<group>"; };
		ECF48ED82C70A1F2008808B0 /* CoCaptainVC.swift */ = {isa = PBXFileReference; lastKnownFileType = sourcecode.swift; path = CoCaptainVC.swift; sourceTree = "<group>"; };
		ECF48EDA2C70A921008808B0 /* UIViewController+Extensions.swift */ = {isa = PBXFileReference; lastKnownFileType = sourcecode.swift; path = "UIViewController+Extensions.swift"; sourceTree = "<group>"; };
/* End PBXFileReference section */

/* Begin PBXFrameworksBuildPhase section */
		2133D7092B3B628800A854F6 /* Frameworks */ = {
			isa = PBXFrameworksBuildPhase;
			buildActionMask = 2147483647;
			files = (
			);
			runOnlyForDeploymentPostprocessing = 0;
		};
		218DA9C22A2B205800459C61 /* Frameworks */ = {
			isa = PBXFrameworksBuildPhase;
			buildActionMask = 2147483647;
			files = (
				ECF48EDE2C70B5C3008808B0 /* OpenAI in Frameworks */,
				ECB40BCD2C51125300818E9C /* RealmSwift in Frameworks */,
				21E148112A7F62C900B503C2 /* FirebaseDatabase in Frameworks */,
				219339812A7E3FAA002FDE05 /* Popovers in Frameworks */,
				213DF5E32A5886B300679BB2 /* ReSwift in Frameworks */,
				21AF3CA52A67E44B002E96E3 /* SnapKit in Frameworks */,
				21C21C522A34B7C400F40BE3 /* IQKeyboardManagerSwift in Frameworks */,
				EC6B90F32CE308010082D808 /* NodeMobile.xcframework in Frameworks */,
				2106C4182A5C997A00446620 /* FirebaseAnalytics in Frameworks */,
				2106C41A2A5C997A00446620 /* FirebaseCrashlytics in Frameworks */,
				213DF5E02A5883D300679BB2 /* SwiftSoup in Frameworks */,
				21E1480F2A7F62BE00B503C2 /* FirebaseAuth in Frameworks */,
				213DF5E62A58A92F00679BB2 /* Lottie in Frameworks */,
				21534DA72A5B038D00E8078B /* AdSupport.framework in Frameworks */,
			);
			runOnlyForDeploymentPostprocessing = 0;
		};
/* End PBXFrameworksBuildPhase section */

/* Begin PBXGroup section */
		211FEA4C2C2FC729000150FD /* Videos */ = {
			isa = PBXGroup;
			children = (
				211FEA4D2C2FC752000150FD /* intro.mp4 */,
			);
			path = Videos;
			sourceTree = "<group>";
		};
		2133D70D2B3B628800A854F6 /* CAOCAPTests */ = {
			isa = PBXGroup;
			children = (
				2133D70E2B3B628800A854F6 /* CAOCAPTests.swift */,
			);
			path = CAOCAPTests;
			sourceTree = "<group>";
		};
		2149951C2A5C3209008B9987 /* App */ = {
			isa = PBXGroup;
			children = (
				218DA9C82A2B205800459C61 /* AppDelegate.swift */,
				218DA9CA2A2B205800459C61 /* SceneDelegate.swift */,
				EC7B11842C524EFF0020ECE4 /* Subscriptions.storekit */,
				218DA9D62A2B205900459C61 /* Info.plist */,
				ECF48ED42C70989C008808B0 /* OpenAI-Info.plist */,
				21534D8C2A59924F00E8078B /* GoogleService-Info.plist */,
				21640C492B38470000052966 /* Config-dev.xcconfig */,
			);
			path = App;
			sourceTree = "<group>";
		};
		2149951D2A5C3213008B9987 /* MVC */ = {
			isa = PBXGroup;
			children = (
				2149951F2A5C3258008B9987 /* Models */,
				21534D992A59CA9400E8078B /* Views */,
				2178C1A02A4D992000876BB6 /* Controllers */,
			);
			path = MVC;
			sourceTree = "<group>";
		};
		2149951E2A5C321B008B9987 /* Redux */ = {
			isa = PBXGroup;
			children = (
				214995292A5C34C9008B9987 /* ReduxStore.swift */,
				214995272A5C342D008B9987 /* ReduxState.swift */,
				214995232A5C3404008B9987 /* ReduxActions.swift */,
				214995252A5C3414008B9987 /* ReduxReducer.swift */,
			);
			path = Redux;
			sourceTree = "<group>";
		};
		2149951F2A5C3258008B9987 /* Models */ = {
			isa = PBXGroup;
			children = (
				21E148122A7F639400B503C2 /* User.swift */,
				2175FBE32A657D1500F7E97F /* Project.swift */,
				21E148142A82031D00B503C2 /* Challenge.swift */,
			);
			path = Models;
			sourceTree = "<group>";
		};
		214995202A5C32E7008B9987 /* Repositories */ = {
			isa = PBXGroup;
			children = (
				21AF3CAE2A685605002E96E3 /* UserDefaults */,
				21AF3CAD2A68554B002E96E3 /* Realm */,
				21E1480B2A7F5F0100B503C2 /* Firebase */,
			);
			path = Repositories;
			sourceTree = "<group>";
		};
		214995212A5C338B008B9987 /* Resources */ = {
			isa = PBXGroup;
			children = (
				218DA9D12A2B205900459C61 /* Assets.xcassets */,
				2106C4142A5C95C300446620 /* Theme.xcassets */,
				EC9B891F2C6F000500FD516F /* Space.sks */,
				21C21C562A38DD7D00F40BE3 /* Fonts */,
				211FEA4C2C2FC729000150FD /* Videos */,
				214995222A5C33AC008B9987 /* Lottie */,
			);
			path = Resources;
			sourceTree = "<group>";
		};
		214995222A5C33AC008B9987 /* Lottie */ = {
			isa = PBXGroup;
			children = (
				2175FBDC2A648C6300F7E97F /* Celebration */,
			);
			path = Lottie;
			sourceTree = "<group>";
		};
		21534D882A598F7300E8078B /* Extensions */ = {
			isa = PBXGroup;
			children = (
				EC9B89192C6C400A00FD516F /* HelperFunctions.swift */,
				ECF48EDA2C70A921008808B0 /* UIViewController+Extensions.swift */,
				2186DB0C2A30946900773C5E /* UIView+Extensions.swift */,
				21CB66F32C15F0540062D7AD /* UIScrollView+Extensions.swift */,
				212E2B1A2A745BBD00125C50 /* UIColor+Extensions.swift */,
				21DBA0042A39EC5500DFAC66 /* UIFont+Extensions.swift */,
				21AF3CD42A6BE315002E96E3 /* String+Extensions.swift */,
			);
			path = Extensions;
			sourceTree = "<group>";
		};
		21534D922A59B36800E8078B /* Coordinator */ = {
			isa = PBXGroup;
			children = (
				21534D932A59B38B00E8078B /* Coordinator.swift */,
				21534D952A59B3B300E8078B /* Storyboarded.swift */,
				21534D972A59B40A00E8078B /* MainCoordinator.swift */,
			);
			path = Coordinator;
			sourceTree = "<group>";
		};
		21534D992A59CA9400E8078B /* Views */ = {
			isa = PBXGroup;
			children = (
				218DA9CE2A2B205800459C61 /* Main.storyboard */,
				218DA9D32A2B205900459C61 /* LaunchScreen.storyboard */,
				21E3A2102B0119AE0041A561 /* UIKit */,
				EC9B89212C6F008100FD516F /* SpriteKit */,
				21E3A2112B0119D40041A561 /* SwiftUI */,
			);
			path = Views;
			sourceTree = "<group>";
		};
		21534DA42A5AFF8E00E8078B /* Frameworks */ = {
			isa = PBXGroup;
			children = (
				EC6B90F22CE308010082D808 /* NodeMobile.xcframework */,
				21534DA52A5AFF8F00E8078B /* AdSupport.framework */,
			);
			name = Frameworks;
			sourceTree = "<group>";
		};
		2175FBDC2A648C6300F7E97F /* Celebration */ = {
			isa = PBXGroup;
			children = (
				2175FBDE2A648C9100F7E97F /* confetti.json */,
				2175FBDD2A648C9100F7E97F /* party.json */,
			);
			path = Celebration;
			sourceTree = "<group>";
		};
		2178C1A02A4D992000876BB6 /* Controllers */ = {
			isa = PBXGroup;
			children = (
				21E3A20D2B0118E90041A561 /* GenericVCs */,
				21E3A20E2B0118FD0041A561 /* MainVCs */,
				21E3A20C2B0118A80041A561 /* OtherVCs */,
				21E3A20F2B0119510041A561 /* Cells */,
			);
			path = Controllers;
			sourceTree = "<group>";
		};
		2189F32D2AFFA17A00FEB125 /* Managers */ = {
			isa = PBXGroup;
			children = (
				ECDB65B12C72FA8D00F63CDF /* NodeJSManager.swift */,
				ECF48ED62C709A51008808B0 /* OpenAIManager.swift */,
				2196065E2AA82E700099FC14 /* KeyboardManager.swift */,
				2175FBE12A648D0700F7E97F /* LottieManager.swift */,
			);
			path = Managers;
			sourceTree = "<group>";
		};
		218DA9BC2A2B205800459C61 = {
			isa = PBXGroup;
			children = (
				218DA9C72A2B205800459C61 /* CAOCAP */,
				2133D70D2B3B628800A854F6 /* CAOCAPTests */,
				218DA9C62A2B205800459C61 /* Products */,
				21534DA42A5AFF8E00E8078B /* Frameworks */,
			);
			sourceTree = "<group>";
		};
		218DA9C62A2B205800459C61 /* Products */ = {
			isa = PBXGroup;
			children = (
				218DA9C52A2B205800459C61 /* CAOCAP.app */,
				2133D70C2B3B628800A854F6 /* CAOCAPTests.xctest */,
			);
			name = Products;
			sourceTree = "<group>";
		};
		218DA9C72A2B205800459C61 /* CAOCAP */ = {
			isa = PBXGroup;
			children = (
				2149951C2A5C3209008B9987 /* App */,
				2149951E2A5C321B008B9987 /* Redux */,
				2149951D2A5C3213008B9987 /* MVC */,
				21534D922A59B36800E8078B /* Coordinator */,
				214995202A5C32E7008B9987 /* Repositories */,
				2189F32D2AFFA17A00FEB125 /* Managers */,
				ECDB80952C73056000F63CDF /* NodeScripts */,
				21E3A2082B00F3630041A561 /* Constants */,
				214995212A5C338B008B9987 /* Resources */,
				21534D882A598F7300E8078B /* Extensions */,
			);
			path = CAOCAP;
			sourceTree = "<group>";
		};
		21AF3CAD2A68554B002E96E3 /* Realm */ = {
			isa = PBXGroup;
			children = (
				21AF3CA62A6843A9002E96E3 /* RealmRepository.swift */,
				21AF3CAF2A68565C002E96E3 /* RealmProjectModels.swift */,
			);
			path = Realm;
			sourceTree = "<group>";
		};
		21AF3CAE2A685605002E96E3 /* UserDefaults */ = {
			isa = PBXGroup;
			children = (
				21326ECF2A530CAE00255570 /* UserDefaults.swift */,
			);
			path = UserDefaults;
			sourceTree = "<group>";
		};
		21AF3CD32A6B717A002E96E3 /* ProjectVCs */ = {
			isa = PBXGroup;
			children = (
				21534D9E2A59E58100E8078B /* ProjectFilesVC.swift */,
				21AF3CBF2A6B7096002E96E3 /* ProjectLanguageVC.swift */,
				21AF3CC12A6B70B6002E96E3 /* ProjectTitleVC.swift */,
				21AF3CC32A6B70CC002E96E3 /* ProjectStyleVC.swift */,
				21AF3CC52A6B70E4002E96E3 /* ProjectMetaVC.swift */,
				21AF3CC72A6B70F1002E96E3 /* ProjectLinkVC.swift */,
				21AF3CC92A6B7107002E96E3 /* ProjectScriptVC.swift */,
				21AF3CCB2A6B7117002E96E3 /* ProjectBaseVC.swift */,
				21AF3CCD2A6B7128002E96E3 /* ProjectFontsVC.swift */,
				21AF3CCF2A6B7139002E96E3 /* ProjectImagesVC.swift */,
				21AF3CD12A6B714A002E96E3 /* ProjectVideosVC.swift */,
			);
			path = ProjectVCs;
			sourceTree = "<group>";
		};
		21C21C562A38DD7D00F40BE3 /* Fonts */ = {
			isa = PBXGroup;
			children = (
				21C21C6B2A38EBF600F40BE3 /* monogamma */,
				21C21C582A38DFAD00F40BE3 /* Ubuntu */,
			);
			path = Fonts;
			sourceTree = "<group>";
		};
		21C21C582A38DFAD00F40BE3 /* Ubuntu */ = {
			isa = PBXGroup;
			children = (
				21C21C592A38DFAD00F40BE3 /* Ubuntu-Medium.ttf */,
				21C21C5A2A38DFAD00F40BE3 /* Ubuntu-LightItalic.ttf */,
				21C21C5B2A38DFAD00F40BE3 /* Ubuntu-Regular.ttf */,
				21C21C5C2A38DFAD00F40BE3 /* Ubuntu-Bold.ttf */,
				21C21C5D2A38DFAD00F40BE3 /* Ubuntu-MediumItalic.ttf */,
				21C21C5E2A38DFAD00F40BE3 /* Ubuntu-BoldItalic.ttf */,
				21C21C5F2A38DFAD00F40BE3 /* Ubuntu-Italic.ttf */,
				21C21C602A38DFAD00F40BE3 /* Ubuntu-Light.ttf */,
				21C21C612A38DFAD00F40BE3 /* UFL.txt */,
			);
			path = Ubuntu;
			sourceTree = "<group>";
		};
		21C21C6B2A38EBF600F40BE3 /* monogamma */ = {
			isa = PBXGroup;
			children = (
				21C21C552A38DCFB00F40BE3 /* monogamma.otf */,
			);
			path = monogamma;
			sourceTree = "<group>";
		};
		21E1480B2A7F5F0100B503C2 /* Firebase */ = {
			isa = PBXGroup;
			children = (
				21E1480C2A7F5F2000B503C2 /* FirebaseRepository.swift */,
			);
			path = Firebase;
			sourceTree = "<group>";
		};
		21E3A2082B00F3630041A561 /* Constants */ = {
			isa = PBXGroup;
			children = (
				21FF62022AB263AB0003D064 /* AppConstants.swift */,
				21534DA02A5A9B3B00E8078B /* TailwindCSS.swift */,
				EC9B891D2C6D7E6700FD516F /* DaisyUI.swift */,
				21C21C532A36145200F40BE3 /* Enumerations.swift */,
				EC65ECC52C6F581400858FCF /* Typealias.swift */,
			);
			path = Constants;
			sourceTree = "<group>";
		};
		21E3A2092B0116060041A561 /* SettingsVCs */ = {
			isa = PBXGroup;
			children = (
				21C21C4A2A34B60200F40BE3 /* SettingsVC.swift */,
				2178C19E2A4D981D00876BB6 /* MainSettingsVC.swift */,
				2178C19C2A4D92A300876BB6 /* ProjectSettingsVC.swift */,
			);
			path = SettingsVCs;
			sourceTree = "<group>";
		};
		21E3A20A2B0117520041A561 /* TableView */ = {
			isa = PBXGroup;
			children = (
				2178C1A12A4DA2AB00876BB6 /* SettingsTableViewCell.swift */,
				2178C1A32A4DB2FD00876BB6 /* SettingsSwitchTableViewCell.swift */,
				2147F5182A6F2001004245AE /* ISOLanguageCodeCell.swift */,
				EC9B891B2C6D79C400FD516F /* ComponentTableViewCell.swift */,
			);
			path = TableView;
			sourceTree = "<group>";
		};
		21E3A20B2B01176B0041A561 /* CollectionView */ = {
			isa = PBXGroup;
			children = (
				21534DA22A5A9ED000E8078B /* LibraryCollectionViewCell.swift */,
			);
			path = CollectionView;
			sourceTree = "<group>";
		};
		21E3A20C2B0118A80041A561 /* OtherVCs */ = {
			isa = PBXGroup;
			children = (
				2184CCF92A522E6200B39882 /* IntroVC.swift */,
				211FEA4F2C2FC84E000150FD /* ViewController.swift */,
				21C21C4E2A34B62E00F40BE3 /* PaletteVC.swift */,
				21C21C4C2A34B61900F40BE3 /* PurchaseVC.swift */,
				21AF3CB12A6B20DF002E96E3 /* CreditsVC.swift */,
				21AF3CB32A6B20FD002E96E3 /* AboutUsVC.swift */,
				21AF3CB52A6B211E002E96E3 /* TermsOfUseVC.swift */,
				21AF3CB72A6B213C002E96E3 /* PrivacyPolicyVC.swift */,
				21AF3CB92A6B2159002E96E3 /* SendFeedbackVC.swift */,
				21AF3CBB2A6B2170002E96E3 /* SupportVC.swift */,
				21AF3CBD2A6B2188002E96E3 /* HelpVC.swift */,
				21A861D72A78D2C4004D36A3 /* WhatsNewVC.swift */,
			);
			path = OtherVCs;
			sourceTree = "<group>";
		};
		21E3A20D2B0118E90041A561 /* GenericVCs */ = {
			isa = PBXGroup;
			children = (
				21534D902A59B2E200E8078B /* ContainerVC.swift */,
				21534D8E2A59B26F00E8078B /* NavigationVC.swift */,
			);
			path = GenericVCs;
			sourceTree = "<group>";
		};
		21E3A20E2B0118FD0041A561 /* MainVCs */ = {
			isa = PBXGroup;
			children = (
				ECF48ED02C705A04008808B0 /* HomeVCs */,
				21534D9A2A59CD2B00E8078B /* ChartsVC.swift */,
				21C21C482A34B5D800F40BE3 /* ProjectsListVC.swift */,
				ECCA94812C67916A0076AA6B /* PlaygroundVCs */,
				21E3A2092B0116060041A561 /* SettingsVCs */,
			);
			path = MainVCs;
			sourceTree = "<group>";
		};
		21E3A20F2B0119510041A561 /* Cells */ = {
			isa = PBXGroup;
			children = (
				21E3A20A2B0117520041A561 /* TableView */,
				21E3A20B2B01176B0041A561 /* CollectionView */,
			);
			path = Cells;
			sourceTree = "<group>";
		};
		21E3A2102B0119AE0041A561 /* UIKit */ = {
			isa = PBXGroup;
			children = (
				2133D7172B42EC1300A854F6 /* UICanvas.swift */,
				ECCA41A42C66AE270076A4EA /* StyleSheet */,
				ECCA41A02C6698540076A4EA /* FlowChart */,
				ECCA41A12C66986B0076A4EA /* MindMap */,
			);
			path = UIKit;
			sourceTree = "<group>";
		};
		21E3A2112B0119D40041A561 /* SwiftUI */ = {
			isa = PBXGroup;
			children = (
				21534D9C2A59CD8600E8078B /* UIDashboardView.swift */,
			);
			path = SwiftUI;
			sourceTree = "<group>";
		};
		EC9B89212C6F008100FD516F /* SpriteKit */ = {
			isa = PBXGroup;
			children = (
				EC9B89222C6F00BC00FD516F /* SpaceScene.swift */,
			);
			path = SpriteKit;
			sourceTree = "<group>";
		};
		ECCA41A02C6698540076A4EA /* FlowChart */ = {
			isa = PBXGroup;
			children = (
				ECCA419C2C6696EA0076A4EA /* UIFlowChart.swift */,
				ECCA419E2C6697BF0076A4EA /* UIFlowChartNode.swift */,
				ECCA41A22C6698A30076A4EA /* UIFlowChartStroke.swift */,
			);
			path = FlowChart;
			sourceTree = "<group>";
		};
		ECCA41A12C66986B0076A4EA /* MindMap */ = {
			isa = PBXGroup;
			children = (
				2186DB102A30DF4700773C5E /* UIMindMap.swift */,
				210F19AD2A42DBE100D71A66 /* UIMindMapNode.swift */,
				210F19AF2A42DC9800D71A66 /* UIMindMapStroke.swift */,
			);
			path = MindMap;
			sourceTree = "<group>";
		};
		ECCA41A42C66AE270076A4EA /* StyleSheet */ = {
			isa = PBXGroup;
			children = (
				ECCA94822C68D9180076AA6B /* UIStyleSheet.swift */,
				ECCA94842C68D9E00076AA6B /* UIStyleSheetNode.swift */,
				ECCA94862C68D9F70076AA6B /* UIStyleSheetStroke.swift */,
			);
			path = StyleSheet;
			sourceTree = "<group>";
		};
		ECCA94752C67778D0076AA6B /* ToolKitVCs */ = {
			isa = PBXGroup;
			children = (
				ECCA947C2C6778200076AA6B /* ToolKitVC.swift */,
				ECCA947E2C6791210076AA6B /* HTML */,
				ECCA947F2C6791270076AA6B /* CSS */,
				ECCA94802C67912C0076AA6B /* JS */,
			);
			path = ToolKitVCs;
			sourceTree = "<group>";
		};
		ECCA947E2C6791210076AA6B /* HTML */ = {
			isa = PBXGroup;
			children = (
				ECCA948A2C68E66B0076AA6B /* ClassNamesToolKit.swift */,
				ECCA94762C6777BB0076AA6B /* StructureToolKit.swift */,
				ECCA94882C68E5B20076AA6B /* AttributesToolKit.swift */,
			);
			path = HTML;
			sourceTree = "<group>";
		};
		ECCA947F2C6791270076AA6B /* CSS */ = {
			isa = PBXGroup;
			children = (
				ECCA947A2C6777E40076AA6B /* SelectorsToolKit.swift */,
				ECCA948C2C68E7460076AA6B /* PropertiesToolKit.swift */,
				ECCA94902C68E8600076AA6B /* StyleToolKit.swift */,
			);
			path = CSS;
			sourceTree = "<group>";
		};
		ECCA94802C67912C0076AA6B /* JS */ = {
			isa = PBXGroup;
			children = (
				ECCA94782C6777D60076AA6B /* EventsToolKit.swift */,
				ECCA948E2C68E7FF0076AA6B /* ConActToolKit.swift */,
				ECCA94922C68E87D0076AA6B /* ValueToolKit.swift */,
			);
			path = JS;
			sourceTree = "<group>";
		};
		ECCA94812C67916A0076AA6B /* PlaygroundVCs */ = {
			isa = PBXGroup;
			children = (
				218DA9CC2A2B205800459C61 /* PlaygroundVC.swift */,
				ECF48ED82C70A1F2008808B0 /* CoCaptainVC.swift */,
				EC1A79462CC7EB4D00731014 /* PublishVC.swift */,
				EC7B11822C5223D40020ECE4 /* CodePreviewVC.swift */,
				215DE72A2B527BC100546394 /* FullScreenWebViewVC.swift */,
				21AF3CD32A6B717A002E96E3 /* ProjectVCs */,
				ECCA94752C67778D0076AA6B /* ToolKitVCs */,
			);
			path = PlaygroundVCs;
			sourceTree = "<group>";
		};
		ECF48ED02C705A04008808B0 /* HomeVCs */ = {
			isa = PBXGroup;
			children = (
				21DBA0002A38F4C800DFAC66 /* HomeVC.swift */,
				21183D062BD72380001AECAF /* WorldVC.swift */,
				ECF48ED12C705A2D008808B0 /* StoreVC.swift */,
			);
			path = HomeVCs;
			sourceTree = "<group>";
		};
/* End PBXGroup section */

/* Begin PBXNativeTarget section */
		2133D70B2B3B628800A854F6 /* CAOCAPTests */ = {
			isa = PBXNativeTarget;
			buildConfigurationList = 2133D7162B3B628800A854F6 /* Build configuration list for PBXNativeTarget "CAOCAPTests" */;
			buildPhases = (
				2133D7082B3B628800A854F6 /* Sources */,
				2133D7092B3B628800A854F6 /* Frameworks */,
				2133D70A2B3B628800A854F6 /* Resources */,
			);
			buildRules = (
			);
			dependencies = (
				2133D7112B3B628800A854F6 /* PBXTargetDependency */,
			);
			name = CAOCAPTests;
			productName = CAOCAPTests;
			productReference = 2133D70C2B3B628800A854F6 /* CAOCAPTests.xctest */;
			productType = "com.apple.product-type.bundle.unit-test";
		};
		218DA9C42A2B205800459C61 /* CAOCAP */ = {
			isa = PBXNativeTarget;
			buildConfigurationList = 218DA9D92A2B205900459C61 /* Build configuration list for PBXNativeTarget "CAOCAP" */;
			buildPhases = (
				218DA9C12A2B205800459C61 /* Sources */,
				218DA9C22A2B205800459C61 /* Frameworks */,
				218DA9C32A2B205800459C61 /* Resources */,
				2106C41B2A5C9B1700446620 /* ShellScript */,
				ECB40BCF2C5113B500818E9C /* Embed Frameworks */,
			);
			buildRules = (
			);
			dependencies = (
			);
			name = CAOCAP;
			packageProductDependencies = (
				21C21C512A34B7C400F40BE3 /* IQKeyboardManagerSwift */,
				213DF5DF2A5883D300679BB2 /* SwiftSoup */,
				213DF5E22A5886B300679BB2 /* ReSwift */,
				213DF5E52A58A92F00679BB2 /* Lottie */,
				2106C4172A5C997A00446620 /* FirebaseAnalytics */,
				2106C4192A5C997A00446620 /* FirebaseCrashlytics */,
				21AF3CA42A67E44B002E96E3 /* SnapKit */,
				219339802A7E3FAA002FDE05 /* Popovers */,
				21E1480E2A7F62BE00B503C2 /* FirebaseAuth */,
				21E148102A7F62C900B503C2 /* FirebaseDatabase */,
				ECB40BCC2C51125300818E9C /* RealmSwift */,
				ECF48EDD2C70B5C3008808B0 /* OpenAI */,
			);
			productName = CAOCAP;
			productReference = 218DA9C52A2B205800459C61 /* CAOCAP.app */;
			productType = "com.apple.product-type.application";
		};
/* End PBXNativeTarget section */

/* Begin PBXProject section */
		218DA9BD2A2B205800459C61 /* Project object */ = {
			isa = PBXProject;
			attributes = {
				BuildIndependentTargetsInParallel = 1;
				LastSwiftUpdateCheck = 1510;
				LastUpgradeCheck = 1530;
				TargetAttributes = {
					2133D70B2B3B628800A854F6 = {
						CreatedOnToolsVersion = 15.1;
						TestTargetID = 218DA9C42A2B205800459C61;
					};
					218DA9C42A2B205800459C61 = {
						CreatedOnToolsVersion = 14.3;
					};
				};
			};
			buildConfigurationList = 218DA9C02A2B205800459C61 /* Build configuration list for PBXProject "CAOCAP" */;
			compatibilityVersion = "Xcode 14.0";
			developmentRegion = en;
			hasScannedForEncodings = 0;
			knownRegions = (
				en,
				Base,
			);
			mainGroup = 218DA9BC2A2B205800459C61;
			packageReferences = (
				21C21C502A34B7C400F40BE3 /* XCRemoteSwiftPackageReference "IQKeyboardManager" */,
				213DF5DE2A5883D300679BB2 /* XCRemoteSwiftPackageReference "SwiftSoup" */,
				213DF5E12A5886B300679BB2 /* XCRemoteSwiftPackageReference "ReSwift" */,
				213DF5E42A58A92F00679BB2 /* XCRemoteSwiftPackageReference "lottie-spm" */,
				2106C4162A5C997A00446620 /* XCRemoteSwiftPackageReference "firebase-ios-sdk" */,
				21AF3CA32A67E44B002E96E3 /* XCRemoteSwiftPackageReference "SnapKit" */,
				2193397F2A7E3FAA002FDE05 /* XCRemoteSwiftPackageReference "Popovers" */,
				ECB40BCB2C51125300818E9C /* XCRemoteSwiftPackageReference "realm-swift" */,
				ECF48EDC2C70B5C3008808B0 /* XCRemoteSwiftPackageReference "OpenAI" */,
			);
			productRefGroup = 218DA9C62A2B205800459C61 /* Products */;
			projectDirPath = "";
			projectRoot = "";
			targets = (
				218DA9C42A2B205800459C61 /* CAOCAP */,
				2133D70B2B3B628800A854F6 /* CAOCAPTests */,
			);
		};
/* End PBXProject section */

/* Begin PBXResourcesBuildPhase section */
		2133D70A2B3B628800A854F6 /* Resources */ = {
			isa = PBXResourcesBuildPhase;
			buildActionMask = 2147483647;
			files = (
			);
			runOnlyForDeploymentPostprocessing = 0;
		};
		218DA9C32A2B205800459C61 /* Resources */ = {
			isa = PBXResourcesBuildPhase;
			buildActionMask = 2147483647;
			files = (
				21C21C682A38DFAD00F40BE3 /* Ubuntu-Italic.ttf in Resources */,
				21C21C572A38DD8D00F40BE3 /* monogamma.otf in Resources */,
				2175FBDF2A648C9100F7E97F /* party.json in Resources */,
				21C21C6A2A38DFAD00F40BE3 /* UFL.txt in Resources */,
				ECF48ED52C70989C008808B0 /* OpenAI-Info.plist in Resources */,
				21C21C622A38DFAD00F40BE3 /* Ubuntu-Medium.ttf in Resources */,
				218DA9D52A2B205900459C61 /* LaunchScreen.storyboard in Resources */,
				21C21C692A38DFAD00F40BE3 /* Ubuntu-Light.ttf in Resources */,
				218DA9D22A2B205900459C61 /* Assets.xcassets in Resources */,
				21C21C652A38DFAD00F40BE3 /* Ubuntu-Bold.ttf in Resources */,
				21C21C632A38DFAD00F40BE3 /* Ubuntu-LightItalic.ttf in Resources */,
				21C21C672A38DFAD00F40BE3 /* Ubuntu-BoldItalic.ttf in Resources */,
				21C21C642A38DFAD00F40BE3 /* Ubuntu-Regular.ttf in Resources */,
				211FEA4E2C2FC752000150FD /* intro.mp4 in Resources */,
				218DA9D02A2B205800459C61 /* Main.storyboard in Resources */,
				EC9B89202C6F000500FD516F /* Space.sks in Resources */,
				2175FBE02A648C9100F7E97F /* confetti.json in Resources */,
				ECDB80962C73056000F63CDF /* NodeScripts in Resources */,
				2106C4152A5C95C300446620 /* Theme.xcassets in Resources */,
				21C21C662A38DFAD00F40BE3 /* Ubuntu-MediumItalic.ttf in Resources */,
				21534D8D2A59924F00E8078B /* GoogleService-Info.plist in Resources */,
			);
			runOnlyForDeploymentPostprocessing = 0;
		};
/* End PBXResourcesBuildPhase section */

/* Begin PBXShellScriptBuildPhase section */
		2106C41B2A5C9B1700446620 /* ShellScript */ = {
			isa = PBXShellScriptBuildPhase;
			alwaysOutOfDate = 1;
			buildActionMask = 2147483647;
			files = (
			);
			inputFileListPaths = (
			);
			inputPaths = (
			);
			outputFileListPaths = (
			);
			outputPaths = (
			);
			runOnlyForDeploymentPostprocessing = 0;
			shellPath = /bin/sh;
			shellScript = "# Type a script or drag a script file from your workspace to insert its path.\n\"${BUILD_DIR%/Build/*}/SourcePackages/checkouts/firebase-ios-sdk/Crashlytics/run\"\n";
		};
/* End PBXShellScriptBuildPhase section */

/* Begin PBXSourcesBuildPhase section */
		2133D7082B3B628800A854F6 /* Sources */ = {
			isa = PBXSourcesBuildPhase;
			buildActionMask = 2147483647;
			files = (
				2133D70F2B3B628800A854F6 /* CAOCAPTests.swift in Sources */,
			);
			runOnlyForDeploymentPostprocessing = 0;
		};
		218DA9C12A2B205800459C61 /* Sources */ = {
			isa = PBXSourcesBuildPhase;
			buildActionMask = 2147483647;
			files = (
				21534D912A59B2E200E8078B /* ContainerVC.swift in Sources */,
				ECF48ED72C709A51008808B0 /* OpenAIManager.swift in Sources */,
				EC7B11832C5223D40020ECE4 /* CodePreviewVC.swift in Sources */,
				21C21C4F2A34B62E00F40BE3 /* PaletteVC.swift in Sources */,
				21AF3CB22A6B20DF002E96E3 /* CreditsVC.swift in Sources */,
				212E2B1B2A745BBD00125C50 /* UIColor+Extensions.swift in Sources */,
				21E148132A7F639400B503C2 /* User.swift in Sources */,
				214995262A5C3414008B9987 /* ReduxReducer.swift in Sources */,
				218DA9CD2A2B205800459C61 /* PlaygroundVC.swift in Sources */,
				218DA9C92A2B205800459C61 /* AppDelegate.swift in Sources */,
				2147F5192A6F2001004245AE /* ISOLanguageCodeCell.swift in Sources */,
				21AF3CD02A6B7139002E96E3 /* ProjectImagesVC.swift in Sources */,
				ECCA419D2C6696EA0076A4EA /* UIFlowChart.swift in Sources */,
				2178C19D2A4D92A300876BB6 /* ProjectSettingsVC.swift in Sources */,
				2175FBE22A648D0700F7E97F /* LottieManager.swift in Sources */,
				21AF3CB02A68565C002E96E3 /* RealmProjectModels.swift in Sources */,
				ECCA94912C68E8610076AA6B /* StyleToolKit.swift in Sources */,
				21534D9D2A59CD8600E8078B /* UIDashboardView.swift in Sources */,
				ECCA94772C6777BB0076AA6B /* StructureToolKit.swift in Sources */,
				21E148152A82031D00B503C2 /* Challenge.swift in Sources */,
				ECCA948B2C68E66B0076AA6B /* ClassNamesToolKit.swift in Sources */,
				ECF48ED92C70A1F2008808B0 /* CoCaptainVC.swift in Sources */,
				21AF3CB42A6B20FD002E96E3 /* AboutUsVC.swift in Sources */,
				21AF3CA72A6843A9002E96E3 /* RealmRepository.swift in Sources */,
				ECCA94852C68D9E00076AA6B /* UIStyleSheetNode.swift in Sources */,
				21534DA12A5A9B3B00E8078B /* TailwindCSS.swift in Sources */,
				2149952A2A5C34C9008B9987 /* ReduxStore.swift in Sources */,
				EC9B89232C6F00BC00FD516F /* SpaceScene.swift in Sources */,
				21AF3CC62A6B70E4002E96E3 /* ProjectMetaVC.swift in Sources */,
				21534D962A59B3B300E8078B /* Storyboarded.swift in Sources */,
				21AF3CB82A6B213C002E96E3 /* PrivacyPolicyVC.swift in Sources */,
				21AF3CCC2A6B7117002E96E3 /* ProjectBaseVC.swift in Sources */,
				21AF3CBC2A6B2170002E96E3 /* SupportVC.swift in Sources */,
				215DE72B2B527BC100546394 /* FullScreenWebViewVC.swift in Sources */,
				2178C19F2A4D981D00876BB6 /* MainSettingsVC.swift in Sources */,
				EC1A79472CC7EB4D00731014 /* PublishVC.swift in Sources */,
				ECCA94872C68D9F70076AA6B /* UIStyleSheetStroke.swift in Sources */,
				21A861D82A78D2C4004D36A3 /* WhatsNewVC.swift in Sources */,
				ECCA94892C68E5B20076AA6B /* AttributesToolKit.swift in Sources */,
				EC9B891A2C6C400A00FD516F /* HelperFunctions.swift in Sources */,
				21534D9F2A59E58100E8078B /* ProjectFilesVC.swift in Sources */,
				ECCA948D2C68E7460076AA6B /* PropertiesToolKit.swift in Sources */,
				21AF3CC82A6B70F1002E96E3 /* ProjectLinkVC.swift in Sources */,
				21534D9B2A59CD2B00E8078B /* ChartsVC.swift in Sources */,
				211FEA502C2FC84E000150FD /* ViewController.swift in Sources */,
				ECDB65B22C72FA8D00F63CDF /* NodeJSManager.swift in Sources */,
				21AF3CD52A6BE315002E96E3 /* String+Extensions.swift in Sources */,
				2184CCFA2A522E6200B39882 /* IntroVC.swift in Sources */,
				21AF3CCA2A6B7107002E96E3 /* ProjectScriptVC.swift in Sources */,
				2178C1A42A4DB2FD00876BB6 /* SettingsSwitchTableViewCell.swift in Sources */,
				2178C1A22A4DA2AB00876BB6 /* SettingsTableViewCell.swift in Sources */,
				214995282A5C342D008B9987 /* ReduxState.swift in Sources */,
				21AF3CBE2A6B2188002E96E3 /* HelpVC.swift in Sources */,
				21E1480D2A7F5F2000B503C2 /* FirebaseRepository.swift in Sources */,
				21AF3CD22A6B714A002E96E3 /* ProjectVideosVC.swift in Sources */,
				21AF3CC22A6B70B6002E96E3 /* ProjectTitleVC.swift in Sources */,
				21C21C4D2A34B61900F40BE3 /* PurchaseVC.swift in Sources */,
				21183D072BD72380001AECAF /* WorldVC.swift in Sources */,
				EC9B891C2C6D79C400FD516F /* ComponentTableViewCell.swift in Sources */,
				2196065F2AA82E700099FC14 /* KeyboardManager.swift in Sources */,
				218DA9CB2A2B205800459C61 /* SceneDelegate.swift in Sources */,
				21DBA0052A39EC5500DFAC66 /* UIFont+Extensions.swift in Sources */,
				2186DB0D2A30946900773C5E /* UIView+Extensions.swift in Sources */,
				21AF3CCE2A6B7128002E96E3 /* ProjectFontsVC.swift in Sources */,
				ECCA948F2C68E7FF0076AA6B /* ConActToolKit.swift in Sources */,
				21CB66F42C15F0540062D7AD /* UIScrollView+Extensions.swift in Sources */,
				21326ED02A530CAE00255570 /* UserDefaults.swift in Sources */,
				21C21C4B2A34B60200F40BE3 /* SettingsVC.swift in Sources */,
				2175FBE42A657D1500F7E97F /* Project.swift in Sources */,
				2186DB112A30DF4700773C5E /* UIMindMap.swift in Sources */,
				ECF48ED22C705A2D008808B0 /* StoreVC.swift in Sources */,
				21DBA0012A38F4C800DFAC66 /* HomeVC.swift in Sources */,
				21AF3CB62A6B211E002E96E3 /* TermsOfUseVC.swift in Sources */,
				ECF48EDB2C70A921008808B0 /* UIViewController+Extensions.swift in Sources */,
				21C21C492A34B5D800F40BE3 /* ProjectsListVC.swift in Sources */,
				21C21C542A36145200F40BE3 /* Enumerations.swift in Sources */,
				21AF3CC02A6B7096002E96E3 /* ProjectLanguageVC.swift in Sources */,
				ECCA41A32C6698A30076A4EA /* UIFlowChartStroke.swift in Sources */,
				ECCA947D2C6778200076AA6B /* ToolKitVC.swift in Sources */,
				21534D8F2A59B26F00E8078B /* NavigationVC.swift in Sources */,
				214995242A5C3404008B9987 /* ReduxActions.swift in Sources */,
				21534D942A59B38B00E8078B /* Coordinator.swift in Sources */,
				EC65ECC62C6F581400858FCF /* Typealias.swift in Sources */,
				21FF62032AB263AB0003D064 /* AppConstants.swift in Sources */,
				21534DA32A5A9ED000E8078B /* LibraryCollectionViewCell.swift in Sources */,
				21AF3CBA2A6B2159002E96E3 /* SendFeedbackVC.swift in Sources */,
				ECCA94932C68E87D0076AA6B /* ValueToolKit.swift in Sources */,
				210F19B02A42DC9800D71A66 /* UIMindMapStroke.swift in Sources */,
				ECCA947B2C6777E40076AA6B /* SelectorsToolKit.swift in Sources */,
				ECCA94792C6777D60076AA6B /* EventsToolKit.swift in Sources */,
				21AF3CC42A6B70CC002E96E3 /* ProjectStyleVC.swift in Sources */,
				EC9B891E2C6D7E6700FD516F /* DaisyUI.swift in Sources */,
				21534D982A59B40A00E8078B /* MainCoordinator.swift in Sources */,
				210F19AE2A42DBE100D71A66 /* UIMindMapNode.swift in Sources */,
				ECCA419F2C6697BF0076A4EA /* UIFlowChartNode.swift in Sources */,
				ECCA94832C68D9180076AA6B /* UIStyleSheet.swift in Sources */,
				2133D7182B42EC1300A854F6 /* UICanvas.swift in Sources */,
			);
			runOnlyForDeploymentPostprocessing = 0;
		};
/* End PBXSourcesBuildPhase section */

/* Begin PBXTargetDependency section */
		2133D7112B3B628800A854F6 /* PBXTargetDependency */ = {
			isa = PBXTargetDependency;
			target = 218DA9C42A2B205800459C61 /* CAOCAP */;
			targetProxy = 2133D7102B3B628800A854F6 /* PBXContainerItemProxy */;
		};
/* End PBXTargetDependency section */

/* Begin PBXVariantGroup section */
		218DA9CE2A2B205800459C61 /* Main.storyboard */ = {
			isa = PBXVariantGroup;
			children = (
				218DA9CF2A2B205800459C61 /* Base */,
			);
			name = Main.storyboard;
			sourceTree = "<group>";
		};
		218DA9D32A2B205900459C61 /* LaunchScreen.storyboard */ = {
			isa = PBXVariantGroup;
			children = (
				218DA9D42A2B205900459C61 /* Base */,
			);
			name = LaunchScreen.storyboard;
			sourceTree = "<group>";
		};
/* End PBXVariantGroup section */

/* Begin XCBuildConfiguration section */
		2133D7122B3B628800A854F6 /* Debug */ = {
			isa = XCBuildConfiguration;
			buildSettings = {
				ASSETCATALOG_COMPILER_GENERATE_SWIFT_ASSET_SYMBOL_EXTENSIONS = YES;
				BUNDLE_LOADER = "$(TEST_HOST)";
				CODE_SIGN_STYLE = Automatic;
				CURRENT_PROJECT_VERSION = 1;
				DEVELOPMENT_TEAM = 6QYT6GJB4Z;
				ENABLE_USER_SCRIPT_SANDBOXING = YES;
				GCC_C_LANGUAGE_STANDARD = gnu17;
				GENERATE_INFOPLIST_FILE = YES;
				IPHONEOS_DEPLOYMENT_TARGET = 17.2;
				LOCALIZATION_PREFERS_STRING_CATALOGS = YES;
				MARKETING_VERSION = 1.0;
				PRODUCT_BUNDLE_IDENTIFIER = com.Ficruty.CAOCAPTests;
				PRODUCT_NAME = "$(TARGET_NAME)";
				SWIFT_ACTIVE_COMPILATION_CONDITIONS = "DEBUG $(inherited)";
				SWIFT_EMIT_LOC_STRINGS = NO;
				SWIFT_VERSION = 5.0;
				TARGETED_DEVICE_FAMILY = "1,2";
				TEST_HOST = "$(BUILT_PRODUCTS_DIR)/CAOCAP.app/$(BUNDLE_EXECUTABLE_FOLDER_PATH)/CAOCAP";
			};
			name = Debug;
		};
		2133D7132B3B628800A854F6 /* Debug(dev) */ = {
			isa = XCBuildConfiguration;
			buildSettings = {
				ASSETCATALOG_COMPILER_GENERATE_SWIFT_ASSET_SYMBOL_EXTENSIONS = YES;
				BUNDLE_LOADER = "$(TEST_HOST)";
				CODE_SIGN_STYLE = Automatic;
				CURRENT_PROJECT_VERSION = 1;
				DEVELOPMENT_TEAM = 6QYT6GJB4Z;
				ENABLE_USER_SCRIPT_SANDBOXING = YES;
				GCC_C_LANGUAGE_STANDARD = gnu17;
				GENERATE_INFOPLIST_FILE = YES;
				IPHONEOS_DEPLOYMENT_TARGET = 17.2;
				LOCALIZATION_PREFERS_STRING_CATALOGS = YES;
				MARKETING_VERSION = 1.0;
				PRODUCT_BUNDLE_IDENTIFIER = com.Ficruty.CAOCAPTests;
				PRODUCT_NAME = "$(TARGET_NAME)";
				SWIFT_ACTIVE_COMPILATION_CONDITIONS = "DEBUG $(inherited)";
				SWIFT_EMIT_LOC_STRINGS = NO;
				SWIFT_VERSION = 5.0;
				TARGETED_DEVICE_FAMILY = "1,2";
				TEST_HOST = "$(BUILT_PRODUCTS_DIR)/CAOCAP.app/$(BUNDLE_EXECUTABLE_FOLDER_PATH)/CAOCAP";
			};
			name = "Debug(dev)";
		};
		2133D7142B3B628800A854F6 /* Release */ = {
			isa = XCBuildConfiguration;
			buildSettings = {
				ASSETCATALOG_COMPILER_GENERATE_SWIFT_ASSET_SYMBOL_EXTENSIONS = YES;
				BUNDLE_LOADER = "$(TEST_HOST)";
				CODE_SIGN_STYLE = Automatic;
				CURRENT_PROJECT_VERSION = 1;
				DEVELOPMENT_TEAM = 6QYT6GJB4Z;
				ENABLE_USER_SCRIPT_SANDBOXING = YES;
				GCC_C_LANGUAGE_STANDARD = gnu17;
				GENERATE_INFOPLIST_FILE = YES;
				IPHONEOS_DEPLOYMENT_TARGET = 17.2;
				LOCALIZATION_PREFERS_STRING_CATALOGS = YES;
				MARKETING_VERSION = 1.0;
				PRODUCT_BUNDLE_IDENTIFIER = com.Ficruty.CAOCAPTests;
				PRODUCT_NAME = "$(TARGET_NAME)";
				SWIFT_EMIT_LOC_STRINGS = NO;
				SWIFT_VERSION = 5.0;
				TARGETED_DEVICE_FAMILY = "1,2";
				TEST_HOST = "$(BUILT_PRODUCTS_DIR)/CAOCAP.app/$(BUNDLE_EXECUTABLE_FOLDER_PATH)/CAOCAP";
			};
			name = Release;
		};
		2133D7152B3B628800A854F6 /* Release(dev) */ = {
			isa = XCBuildConfiguration;
			buildSettings = {
				ASSETCATALOG_COMPILER_GENERATE_SWIFT_ASSET_SYMBOL_EXTENSIONS = YES;
				BUNDLE_LOADER = "$(TEST_HOST)";
				CODE_SIGN_STYLE = Automatic;
				CURRENT_PROJECT_VERSION = 1;
				DEVELOPMENT_TEAM = 6QYT6GJB4Z;
				ENABLE_USER_SCRIPT_SANDBOXING = YES;
				GCC_C_LANGUAGE_STANDARD = gnu17;
				GENERATE_INFOPLIST_FILE = YES;
				IPHONEOS_DEPLOYMENT_TARGET = 17.2;
				LOCALIZATION_PREFERS_STRING_CATALOGS = YES;
				MARKETING_VERSION = 1.0;
				PRODUCT_BUNDLE_IDENTIFIER = com.Ficruty.CAOCAPTests;
				PRODUCT_NAME = "$(TARGET_NAME)";
				SWIFT_EMIT_LOC_STRINGS = NO;
				SWIFT_VERSION = 5.0;
				TARGETED_DEVICE_FAMILY = "1,2";
				TEST_HOST = "$(BUILT_PRODUCTS_DIR)/CAOCAP.app/$(BUNDLE_EXECUTABLE_FOLDER_PATH)/CAOCAP";
			};
			name = "Release(dev)";
		};
		21640C452B38462400052966 /* Debug(dev) */ = {
			isa = XCBuildConfiguration;
			baseConfigurationReference = 21640C492B38470000052966 /* Config-dev.xcconfig */;
			buildSettings = {
				ALWAYS_SEARCH_USER_PATHS = NO;
				ASSETCATALOG_COMPILER_GENERATE_SWIFT_ASSET_SYMBOL_EXTENSIONS = YES;
				CLANG_ANALYZER_NONNULL = YES;
				CLANG_ANALYZER_NUMBER_OBJECT_CONVERSION = YES_AGGRESSIVE;
				CLANG_CXX_LANGUAGE_STANDARD = "gnu++20";
				CLANG_ENABLE_MODULES = YES;
				CLANG_ENABLE_OBJC_ARC = YES;
				CLANG_ENABLE_OBJC_WEAK = YES;
				CLANG_WARN_BLOCK_CAPTURE_AUTORELEASING = YES;
				CLANG_WARN_BOOL_CONVERSION = YES;
				CLANG_WARN_COMMA = YES;
				CLANG_WARN_CONSTANT_CONVERSION = YES;
				CLANG_WARN_DEPRECATED_OBJC_IMPLEMENTATIONS = YES;
				CLANG_WARN_DIRECT_OBJC_ISA_USAGE = YES_ERROR;
				CLANG_WARN_DOCUMENTATION_COMMENTS = YES;
				CLANG_WARN_EMPTY_BODY = YES;
				CLANG_WARN_ENUM_CONVERSION = YES;
				CLANG_WARN_INFINITE_RECURSION = YES;
				CLANG_WARN_INT_CONVERSION = YES;
				CLANG_WARN_NON_LITERAL_NULL_CONVERSION = YES;
				CLANG_WARN_OBJC_IMPLICIT_RETAIN_SELF = YES;
				CLANG_WARN_OBJC_LITERAL_CONVERSION = YES;
				CLANG_WARN_OBJC_ROOT_CLASS = YES_ERROR;
				CLANG_WARN_QUOTED_INCLUDE_IN_FRAMEWORK_HEADER = YES;
				CLANG_WARN_RANGE_LOOP_ANALYSIS = YES;
				CLANG_WARN_STRICT_PROTOTYPES = YES;
				CLANG_WARN_SUSPICIOUS_MOVE = YES;
				CLANG_WARN_UNGUARDED_AVAILABILITY = YES_AGGRESSIVE;
				CLANG_WARN_UNREACHABLE_CODE = YES;
				CLANG_WARN__DUPLICATE_METHOD_MATCH = YES;
				COPY_PHASE_STRIP = NO;
				DEBUG_INFORMATION_FORMAT = dwarf;
				ENABLE_STRICT_OBJC_MSGSEND = YES;
				ENABLE_TESTABILITY = YES;
				GCC_C_LANGUAGE_STANDARD = gnu11;
				GCC_DYNAMIC_NO_PIC = NO;
				GCC_NO_COMMON_BLOCKS = YES;
				GCC_OPTIMIZATION_LEVEL = 0;
				GCC_PREPROCESSOR_DEFINITIONS = (
					"DEBUG=1",
					"$(inherited)",
				);
				GCC_WARN_64_TO_32_BIT_CONVERSION = YES;
				GCC_WARN_ABOUT_RETURN_TYPE = YES_ERROR;
				GCC_WARN_UNDECLARED_SELECTOR = YES;
				GCC_WARN_UNINITIALIZED_AUTOS = YES_AGGRESSIVE;
				GCC_WARN_UNUSED_FUNCTION = YES;
				GCC_WARN_UNUSED_VARIABLE = YES;
				IPHONEOS_DEPLOYMENT_TARGET = 16.4;
				MTL_ENABLE_DEBUG_INFO = INCLUDE_SOURCE;
				MTL_FAST_MATH = YES;
				ONLY_ACTIVE_ARCH = YES;
				SDKROOT = iphoneos;
				SWIFT_ACTIVE_COMPILATION_CONDITIONS = DEBUG;
				SWIFT_OPTIMIZATION_LEVEL = "-Onone";
			};
			name = "Debug(dev)";
		};
		21640C462B38462400052966 /* Debug(dev) */ = {
			isa = XCBuildConfiguration;
			baseConfigurationReference = 21640C492B38470000052966 /* Config-dev.xcconfig */;
			buildSettings = {
				ASSETCATALOG_COMPILER_APPICON_NAME = "AppIcon dev";
				ASSETCATALOG_COMPILER_GLOBAL_ACCENT_COLOR_NAME = Accent;
				CODE_SIGN_STYLE = Automatic;
				CURRENT_PROJECT_VERSION = 8;
				DEBUG_INFORMATION_FORMAT = "dwarf-with-dsym";
				DEVELOPMENT_TEAM = 6QYT6GJB4Z;
				GENERATE_INFOPLIST_FILE = YES;
				INFOPLIST_FILE = CAOCAP/App/Info.plist;
				INFOPLIST_KEY_CFBundleDisplayName = CAOCAP;
				INFOPLIST_KEY_LSApplicationCategoryType = "public.app-category.developer-tools";
				INFOPLIST_KEY_UIApplicationSupportsIndirectInputEvents = YES;
				INFOPLIST_KEY_UILaunchStoryboardName = LaunchScreen;
				INFOPLIST_KEY_UISupportedInterfaceOrientations = UIInterfaceOrientationPortrait;
				INFOPLIST_KEY_UISupportedInterfaceOrientations_iPad = "UIInterfaceOrientationLandscapeLeft UIInterfaceOrientationLandscapeRight UIInterfaceOrientationPortrait UIInterfaceOrientationPortraitUpsideDown";
				IPHONEOS_DEPLOYMENT_TARGET = 16;
				LD_RUNPATH_SEARCH_PATHS = (
					"$(inherited)",
					"@executable_path/Frameworks",
				);
				MARKETING_VERSION = 5.0.5;
				OTHER_LDFLAGS = "-ObjC";
				PRODUCT_BUNDLE_IDENTIFIER = "com.Ficruty.caocap-dev";
				PRODUCT_NAME = "$(TARGET_NAME)";
				SWIFT_EMIT_LOC_STRINGS = YES;
				SWIFT_VERSION = 5.0;
				TARGETED_DEVICE_FAMILY = "1,2";
			};
			name = "Debug(dev)";
		};
		21640C472B38463200052966 /* Release(dev) */ = {
			isa = XCBuildConfiguration;
			baseConfigurationReference = 21640C492B38470000052966 /* Config-dev.xcconfig */;
			buildSettings = {
				ALWAYS_SEARCH_USER_PATHS = NO;
				ASSETCATALOG_COMPILER_GENERATE_SWIFT_ASSET_SYMBOL_EXTENSIONS = YES;
				CLANG_ANALYZER_NONNULL = YES;
				CLANG_ANALYZER_NUMBER_OBJECT_CONVERSION = YES_AGGRESSIVE;
				CLANG_CXX_LANGUAGE_STANDARD = "gnu++20";
				CLANG_ENABLE_MODULES = YES;
				CLANG_ENABLE_OBJC_ARC = YES;
				CLANG_ENABLE_OBJC_WEAK = YES;
				CLANG_WARN_BLOCK_CAPTURE_AUTORELEASING = YES;
				CLANG_WARN_BOOL_CONVERSION = YES;
				CLANG_WARN_COMMA = YES;
				CLANG_WARN_CONSTANT_CONVERSION = YES;
				CLANG_WARN_DEPRECATED_OBJC_IMPLEMENTATIONS = YES;
				CLANG_WARN_DIRECT_OBJC_ISA_USAGE = YES_ERROR;
				CLANG_WARN_DOCUMENTATION_COMMENTS = YES;
				CLANG_WARN_EMPTY_BODY = YES;
				CLANG_WARN_ENUM_CONVERSION = YES;
				CLANG_WARN_INFINITE_RECURSION = YES;
				CLANG_WARN_INT_CONVERSION = YES;
				CLANG_WARN_NON_LITERAL_NULL_CONVERSION = YES;
				CLANG_WARN_OBJC_IMPLICIT_RETAIN_SELF = YES;
				CLANG_WARN_OBJC_LITERAL_CONVERSION = YES;
				CLANG_WARN_OBJC_ROOT_CLASS = YES_ERROR;
				CLANG_WARN_QUOTED_INCLUDE_IN_FRAMEWORK_HEADER = YES;
				CLANG_WARN_RANGE_LOOP_ANALYSIS = YES;
				CLANG_WARN_STRICT_PROTOTYPES = YES;
				CLANG_WARN_SUSPICIOUS_MOVE = YES;
				CLANG_WARN_UNGUARDED_AVAILABILITY = YES_AGGRESSIVE;
				CLANG_WARN_UNREACHABLE_CODE = YES;
				CLANG_WARN__DUPLICATE_METHOD_MATCH = YES;
				COPY_PHASE_STRIP = NO;
				DEBUG_INFORMATION_FORMAT = "dwarf-with-dsym";
				ENABLE_NS_ASSERTIONS = NO;
				ENABLE_STRICT_OBJC_MSGSEND = YES;
				GCC_C_LANGUAGE_STANDARD = gnu11;
				GCC_NO_COMMON_BLOCKS = YES;
				GCC_WARN_64_TO_32_BIT_CONVERSION = YES;
				GCC_WARN_ABOUT_RETURN_TYPE = YES_ERROR;
				GCC_WARN_UNDECLARED_SELECTOR = YES;
				GCC_WARN_UNINITIALIZED_AUTOS = YES_AGGRESSIVE;
				GCC_WARN_UNUSED_FUNCTION = YES;
				GCC_WARN_UNUSED_VARIABLE = YES;
				IPHONEOS_DEPLOYMENT_TARGET = 16.4;
				MTL_ENABLE_DEBUG_INFO = NO;
				MTL_FAST_MATH = YES;
				SDKROOT = iphoneos;
				SWIFT_COMPILATION_MODE = wholemodule;
				SWIFT_OPTIMIZATION_LEVEL = "-O";
				VALIDATE_PRODUCT = YES;
			};
			name = "Release(dev)";
		};
		21640C482B38463200052966 /* Release(dev) */ = {
			isa = XCBuildConfiguration;
			baseConfigurationReference = 21640C492B38470000052966 /* Config-dev.xcconfig */;
			buildSettings = {
				ASSETCATALOG_COMPILER_APPICON_NAME = "AppIcon dev";
				ASSETCATALOG_COMPILER_GLOBAL_ACCENT_COLOR_NAME = Accent;
				CODE_SIGN_STYLE = Automatic;
				CURRENT_PROJECT_VERSION = 8;
				DEVELOPMENT_TEAM = 6QYT6GJB4Z;
				GENERATE_INFOPLIST_FILE = YES;
				INFOPLIST_FILE = CAOCAP/App/Info.plist;
				INFOPLIST_KEY_CFBundleDisplayName = CAOCAP;
				INFOPLIST_KEY_LSApplicationCategoryType = "public.app-category.developer-tools";
				INFOPLIST_KEY_UIApplicationSupportsIndirectInputEvents = YES;
				INFOPLIST_KEY_UILaunchStoryboardName = LaunchScreen;
				INFOPLIST_KEY_UISupportedInterfaceOrientations = UIInterfaceOrientationPortrait;
				INFOPLIST_KEY_UISupportedInterfaceOrientations_iPad = "UIInterfaceOrientationLandscapeLeft UIInterfaceOrientationLandscapeRight UIInterfaceOrientationPortrait UIInterfaceOrientationPortraitUpsideDown";
				IPHONEOS_DEPLOYMENT_TARGET = 16;
				LD_RUNPATH_SEARCH_PATHS = (
					"$(inherited)",
					"@executable_path/Frameworks",
				);
				MARKETING_VERSION = 5.0.5;
				OTHER_LDFLAGS = "-ObjC";
				PRODUCT_BUNDLE_IDENTIFIER = "com.Ficruty.caocap-dev";
				PRODUCT_NAME = "$(TARGET_NAME)";
				SWIFT_EMIT_LOC_STRINGS = YES;
				SWIFT_VERSION = 5.0;
				TARGETED_DEVICE_FAMILY = "1,2";
			};
			name = "Release(dev)";
		};
		218DA9D72A2B205900459C61 /* Debug */ = {
			isa = XCBuildConfiguration;
			buildSettings = {
				ALWAYS_SEARCH_USER_PATHS = NO;
				ASSETCATALOG_COMPILER_GENERATE_SWIFT_ASSET_SYMBOL_EXTENSIONS = YES;
				CLANG_ANALYZER_NONNULL = YES;
				CLANG_ANALYZER_NUMBER_OBJECT_CONVERSION = YES_AGGRESSIVE;
				CLANG_CXX_LANGUAGE_STANDARD = "gnu++20";
				CLANG_ENABLE_MODULES = YES;
				CLANG_ENABLE_OBJC_ARC = YES;
				CLANG_ENABLE_OBJC_WEAK = YES;
				CLANG_WARN_BLOCK_CAPTURE_AUTORELEASING = YES;
				CLANG_WARN_BOOL_CONVERSION = YES;
				CLANG_WARN_COMMA = YES;
				CLANG_WARN_CONSTANT_CONVERSION = YES;
				CLANG_WARN_DEPRECATED_OBJC_IMPLEMENTATIONS = YES;
				CLANG_WARN_DIRECT_OBJC_ISA_USAGE = YES_ERROR;
				CLANG_WARN_DOCUMENTATION_COMMENTS = YES;
				CLANG_WARN_EMPTY_BODY = YES;
				CLANG_WARN_ENUM_CONVERSION = YES;
				CLANG_WARN_INFINITE_RECURSION = YES;
				CLANG_WARN_INT_CONVERSION = YES;
				CLANG_WARN_NON_LITERAL_NULL_CONVERSION = YES;
				CLANG_WARN_OBJC_IMPLICIT_RETAIN_SELF = YES;
				CLANG_WARN_OBJC_LITERAL_CONVERSION = YES;
				CLANG_WARN_OBJC_ROOT_CLASS = YES_ERROR;
				CLANG_WARN_QUOTED_INCLUDE_IN_FRAMEWORK_HEADER = YES;
				CLANG_WARN_RANGE_LOOP_ANALYSIS = YES;
				CLANG_WARN_STRICT_PROTOTYPES = YES;
				CLANG_WARN_SUSPICIOUS_MOVE = YES;
				CLANG_WARN_UNGUARDED_AVAILABILITY = YES_AGGRESSIVE;
				CLANG_WARN_UNREACHABLE_CODE = YES;
				CLANG_WARN__DUPLICATE_METHOD_MATCH = YES;
				COPY_PHASE_STRIP = NO;
				DEBUG_INFORMATION_FORMAT = dwarf;
				ENABLE_STRICT_OBJC_MSGSEND = YES;
				ENABLE_TESTABILITY = YES;
				GCC_C_LANGUAGE_STANDARD = gnu11;
				GCC_DYNAMIC_NO_PIC = NO;
				GCC_NO_COMMON_BLOCKS = YES;
				GCC_OPTIMIZATION_LEVEL = 0;
				GCC_PREPROCESSOR_DEFINITIONS = (
					"DEBUG=1",
					"$(inherited)",
				);
				GCC_WARN_64_TO_32_BIT_CONVERSION = YES;
				GCC_WARN_ABOUT_RETURN_TYPE = YES_ERROR;
				GCC_WARN_UNDECLARED_SELECTOR = YES;
				GCC_WARN_UNINITIALIZED_AUTOS = YES_AGGRESSIVE;
				GCC_WARN_UNUSED_FUNCTION = YES;
				GCC_WARN_UNUSED_VARIABLE = YES;
				IPHONEOS_DEPLOYMENT_TARGET = 16.4;
				MTL_ENABLE_DEBUG_INFO = INCLUDE_SOURCE;
				MTL_FAST_MATH = YES;
				ONLY_ACTIVE_ARCH = YES;
				SDKROOT = iphoneos;
				SWIFT_ACTIVE_COMPILATION_CONDITIONS = DEBUG;
				SWIFT_OPTIMIZATION_LEVEL = "-Onone";
			};
			name = Debug;
		};
		218DA9D82A2B205900459C61 /* Release */ = {
			isa = XCBuildConfiguration;
			buildSettings = {
				ALWAYS_SEARCH_USER_PATHS = NO;
				ASSETCATALOG_COMPILER_GENERATE_SWIFT_ASSET_SYMBOL_EXTENSIONS = YES;
				CLANG_ANALYZER_NONNULL = YES;
				CLANG_ANALYZER_NUMBER_OBJECT_CONVERSION = YES_AGGRESSIVE;
				CLANG_CXX_LANGUAGE_STANDARD = "gnu++20";
				CLANG_ENABLE_MODULES = YES;
				CLANG_ENABLE_OBJC_ARC = YES;
				CLANG_ENABLE_OBJC_WEAK = YES;
				CLANG_WARN_BLOCK_CAPTURE_AUTORELEASING = YES;
				CLANG_WARN_BOOL_CONVERSION = YES;
				CLANG_WARN_COMMA = YES;
				CLANG_WARN_CONSTANT_CONVERSION = YES;
				CLANG_WARN_DEPRECATED_OBJC_IMPLEMENTATIONS = YES;
				CLANG_WARN_DIRECT_OBJC_ISA_USAGE = YES_ERROR;
				CLANG_WARN_DOCUMENTATION_COMMENTS = YES;
				CLANG_WARN_EMPTY_BODY = YES;
				CLANG_WARN_ENUM_CONVERSION = YES;
				CLANG_WARN_INFINITE_RECURSION = YES;
				CLANG_WARN_INT_CONVERSION = YES;
				CLANG_WARN_NON_LITERAL_NULL_CONVERSION = YES;
				CLANG_WARN_OBJC_IMPLICIT_RETAIN_SELF = YES;
				CLANG_WARN_OBJC_LITERAL_CONVERSION = YES;
				CLANG_WARN_OBJC_ROOT_CLASS = YES_ERROR;
				CLANG_WARN_QUOTED_INCLUDE_IN_FRAMEWORK_HEADER = YES;
				CLANG_WARN_RANGE_LOOP_ANALYSIS = YES;
				CLANG_WARN_STRICT_PROTOTYPES = YES;
				CLANG_WARN_SUSPICIOUS_MOVE = YES;
				CLANG_WARN_UNGUARDED_AVAILABILITY = YES_AGGRESSIVE;
				CLANG_WARN_UNREACHABLE_CODE = YES;
				CLANG_WARN__DUPLICATE_METHOD_MATCH = YES;
				COPY_PHASE_STRIP = NO;
				DEBUG_INFORMATION_FORMAT = "dwarf-with-dsym";
				ENABLE_NS_ASSERTIONS = NO;
				ENABLE_STRICT_OBJC_MSGSEND = YES;
				GCC_C_LANGUAGE_STANDARD = gnu11;
				GCC_NO_COMMON_BLOCKS = YES;
				GCC_WARN_64_TO_32_BIT_CONVERSION = YES;
				GCC_WARN_ABOUT_RETURN_TYPE = YES_ERROR;
				GCC_WARN_UNDECLARED_SELECTOR = YES;
				GCC_WARN_UNINITIALIZED_AUTOS = YES_AGGRESSIVE;
				GCC_WARN_UNUSED_FUNCTION = YES;
				GCC_WARN_UNUSED_VARIABLE = YES;
				IPHONEOS_DEPLOYMENT_TARGET = 16.4;
				MTL_ENABLE_DEBUG_INFO = NO;
				MTL_FAST_MATH = YES;
				SDKROOT = iphoneos;
				SWIFT_COMPILATION_MODE = wholemodule;
				SWIFT_OPTIMIZATION_LEVEL = "-O";
				VALIDATE_PRODUCT = YES;
			};
			name = Release;
		};
		218DA9DA2A2B205900459C61 /* Debug */ = {
			isa = XCBuildConfiguration;
			buildSettings = {
				ASSETCATALOG_COMPILER_APPICON_NAME = AppIcon;
				ASSETCATALOG_COMPILER_GLOBAL_ACCENT_COLOR_NAME = Accent;
				CODE_SIGN_STYLE = Automatic;
				CURRENT_PROJECT_VERSION = 8;
				DEBUG_INFORMATION_FORMAT = "dwarf-with-dsym";
				DEVELOPMENT_TEAM = 6QYT6GJB4Z;
				GENERATE_INFOPLIST_FILE = YES;
				INFOPLIST_FILE = CAOCAP/App/Info.plist;
				INFOPLIST_KEY_CFBundleDisplayName = CAOCAP;
				INFOPLIST_KEY_LSApplicationCategoryType = "public.app-category.developer-tools";
				INFOPLIST_KEY_UIApplicationSupportsIndirectInputEvents = YES;
				INFOPLIST_KEY_UILaunchStoryboardName = LaunchScreen;
				INFOPLIST_KEY_UISupportedInterfaceOrientations = UIInterfaceOrientationPortrait;
				INFOPLIST_KEY_UISupportedInterfaceOrientations_iPad = "UIInterfaceOrientationLandscapeLeft UIInterfaceOrientationLandscapeRight UIInterfaceOrientationPortrait UIInterfaceOrientationPortraitUpsideDown";
				IPHONEOS_DEPLOYMENT_TARGET = 16;
				LD_RUNPATH_SEARCH_PATHS = (
					"$(inherited)",
					"@executable_path/Frameworks",
				);
				MARKETING_VERSION = 5.0.5;
				OTHER_LDFLAGS = "-ObjC";
				PRODUCT_BUNDLE_IDENTIFIER = com.Ficruty.caocap;
				PRODUCT_NAME = "$(TARGET_NAME)";
				SWIFT_EMIT_LOC_STRINGS = YES;
				SWIFT_VERSION = 5.0;
				TARGETED_DEVICE_FAMILY = "1,2";
			};
			name = Debug;
		};
		218DA9DB2A2B205900459C61 /* Release */ = {
			isa = XCBuildConfiguration;
			buildSettings = {
				ASSETCATALOG_COMPILER_APPICON_NAME = AppIcon;
				ASSETCATALOG_COMPILER_GLOBAL_ACCENT_COLOR_NAME = Accent;
				CODE_SIGN_STYLE = Automatic;
				CURRENT_PROJECT_VERSION = 8;
				DEVELOPMENT_TEAM = 6QYT6GJB4Z;
				GENERATE_INFOPLIST_FILE = YES;
				INFOPLIST_FILE = CAOCAP/App/Info.plist;
				INFOPLIST_KEY_CFBundleDisplayName = CAOCAP;
				INFOPLIST_KEY_LSApplicationCategoryType = "public.app-category.developer-tools";
				INFOPLIST_KEY_UIApplicationSupportsIndirectInputEvents = YES;
				INFOPLIST_KEY_UILaunchStoryboardName = LaunchScreen;
				INFOPLIST_KEY_UISupportedInterfaceOrientations = UIInterfaceOrientationPortrait;
				INFOPLIST_KEY_UISupportedInterfaceOrientations_iPad = "UIInterfaceOrientationLandscapeLeft UIInterfaceOrientationLandscapeRight UIInterfaceOrientationPortrait UIInterfaceOrientationPortraitUpsideDown";
				IPHONEOS_DEPLOYMENT_TARGET = 16;
				LD_RUNPATH_SEARCH_PATHS = (
					"$(inherited)",
					"@executable_path/Frameworks",
				);
				MARKETING_VERSION = 5.0.5;
				OTHER_LDFLAGS = "-ObjC";
				PRODUCT_BUNDLE_IDENTIFIER = com.Ficruty.caocap;
				PRODUCT_NAME = "$(TARGET_NAME)";
				SWIFT_EMIT_LOC_STRINGS = YES;
				SWIFT_VERSION = 5.0;
				TARGETED_DEVICE_FAMILY = "1,2";
			};
			name = Release;
		};
/* End XCBuildConfiguration section */

/* Begin XCConfigurationList section */
		2133D7162B3B628800A854F6 /* Build configuration list for PBXNativeTarget "CAOCAPTests" */ = {
			isa = XCConfigurationList;
			buildConfigurations = (
				2133D7122B3B628800A854F6 /* Debug */,
				2133D7132B3B628800A854F6 /* Debug(dev) */,
				2133D7142B3B628800A854F6 /* Release */,
				2133D7152B3B628800A854F6 /* Release(dev) */,
			);
			defaultConfigurationIsVisible = 0;
			defaultConfigurationName = Release;
		};
		218DA9C02A2B205800459C61 /* Build configuration list for PBXProject "CAOCAP" */ = {
			isa = XCConfigurationList;
			buildConfigurations = (
				218DA9D72A2B205900459C61 /* Debug */,
				21640C452B38462400052966 /* Debug(dev) */,
				218DA9D82A2B205900459C61 /* Release */,
				21640C472B38463200052966 /* Release(dev) */,
			);
			defaultConfigurationIsVisible = 0;
			defaultConfigurationName = Release;
		};
		218DA9D92A2B205900459C61 /* Build configuration list for PBXNativeTarget "CAOCAP" */ = {
			isa = XCConfigurationList;
			buildConfigurations = (
				218DA9DA2A2B205900459C61 /* Debug */,
				21640C462B38462400052966 /* Debug(dev) */,
				218DA9DB2A2B205900459C61 /* Release */,
				21640C482B38463200052966 /* Release(dev) */,
			);
			defaultConfigurationIsVisible = 0;
			defaultConfigurationName = Release;
		};
/* End XCConfigurationList section */

/* Begin XCRemoteSwiftPackageReference section */
		2106C4162A5C997A00446620 /* XCRemoteSwiftPackageReference "firebase-ios-sdk" */ = {
			isa = XCRemoteSwiftPackageReference;
			repositoryURL = "https://github.com/firebase/firebase-ios-sdk";
			requirement = {
				kind = upToNextMajorVersion;
				minimumVersion = 10.11.0;
			};
		};
		213DF5DE2A5883D300679BB2 /* XCRemoteSwiftPackageReference "SwiftSoup" */ = {
			isa = XCRemoteSwiftPackageReference;
			repositoryURL = "https://github.com/scinfu/SwiftSoup";
			requirement = {
				kind = upToNextMajorVersion;
				minimumVersion = 2.0.0;
			};
		};
		213DF5E12A5886B300679BB2 /* XCRemoteSwiftPackageReference "ReSwift" */ = {
			isa = XCRemoteSwiftPackageReference;
			repositoryURL = "https://github.com/ReSwift/ReSwift";
			requirement = {
				kind = upToNextMajorVersion;
				minimumVersion = 6.0.0;
			};
		};
		213DF5E42A58A92F00679BB2 /* XCRemoteSwiftPackageReference "lottie-spm" */ = {
			isa = XCRemoteSwiftPackageReference;
			repositoryURL = "https://github.com/airbnb/lottie-spm.git";
			requirement = {
				kind = upToNextMajorVersion;
				minimumVersion = 4.2.0;
			};
		};
		2193397F2A7E3FAA002FDE05 /* XCRemoteSwiftPackageReference "Popovers" */ = {
			isa = XCRemoteSwiftPackageReference;
			repositoryURL = "https://github.com/aheze/Popovers";
			requirement = {
				kind = upToNextMajorVersion;
				minimumVersion = 1.3.2;
			};
		};
		21AF3CA32A67E44B002E96E3 /* XCRemoteSwiftPackageReference "SnapKit" */ = {
			isa = XCRemoteSwiftPackageReference;
			repositoryURL = "https://github.com/SnapKit/SnapKit.git";
			requirement = {
				kind = upToNextMajorVersion;
				minimumVersion = 5.6.0;
			};
		};
		21C21C502A34B7C400F40BE3 /* XCRemoteSwiftPackageReference "IQKeyboardManager" */ = {
			isa = XCRemoteSwiftPackageReference;
			repositoryURL = "https://github.com/hackiftekhar/IQKeyboardManager.git";
			requirement = {
				kind = upToNextMajorVersion;
				minimumVersion = 6.5.0;
			};
		};
		ECB40BCB2C51125300818E9C /* XCRemoteSwiftPackageReference "realm-swift" */ = {
			isa = XCRemoteSwiftPackageReference;
			repositoryURL = "https://github.com/realm/realm-swift.git";
			requirement = {
				kind = upToNextMajorVersion;
				minimumVersion = 10.52.2;
			};
		};
		ECF48EDC2C70B5C3008808B0 /* XCRemoteSwiftPackageReference "OpenAI" */ = {
			isa = XCRemoteSwiftPackageReference;
			repositoryURL = "https://github.com/MacPaw/OpenAI.git";
			requirement = {
				branch = main;
				kind = branch;
			};
		};
/* End XCRemoteSwiftPackageReference section */

/* Begin XCSwiftPackageProductDependency section */
		2106C4172A5C997A00446620 /* FirebaseAnalytics */ = {
			isa = XCSwiftPackageProductDependency;
			package = 2106C4162A5C997A00446620 /* XCRemoteSwiftPackageReference "firebase-ios-sdk" */;
			productName = FirebaseAnalytics;
		};
		2106C4192A5C997A00446620 /* FirebaseCrashlytics */ = {
			isa = XCSwiftPackageProductDependency;
			package = 2106C4162A5C997A00446620 /* XCRemoteSwiftPackageReference "firebase-ios-sdk" */;
			productName = FirebaseCrashlytics;
		};
		213DF5DF2A5883D300679BB2 /* SwiftSoup */ = {
			isa = XCSwiftPackageProductDependency;
			package = 213DF5DE2A5883D300679BB2 /* XCRemoteSwiftPackageReference "SwiftSoup" */;
			productName = SwiftSoup;
		};
		213DF5E22A5886B300679BB2 /* ReSwift */ = {
			isa = XCSwiftPackageProductDependency;
			package = 213DF5E12A5886B300679BB2 /* XCRemoteSwiftPackageReference "ReSwift" */;
			productName = ReSwift;
		};
		213DF5E52A58A92F00679BB2 /* Lottie */ = {
			isa = XCSwiftPackageProductDependency;
			package = 213DF5E42A58A92F00679BB2 /* XCRemoteSwiftPackageReference "lottie-spm" */;
			productName = Lottie;
		};
		219339802A7E3FAA002FDE05 /* Popovers */ = {
			isa = XCSwiftPackageProductDependency;
			package = 2193397F2A7E3FAA002FDE05 /* XCRemoteSwiftPackageReference "Popovers" */;
			productName = Popovers;
		};
		21AF3CA42A67E44B002E96E3 /* SnapKit */ = {
			isa = XCSwiftPackageProductDependency;
			package = 21AF3CA32A67E44B002E96E3 /* XCRemoteSwiftPackageReference "SnapKit" */;
			productName = SnapKit;
		};
		21C21C512A34B7C400F40BE3 /* IQKeyboardManagerSwift */ = {
			isa = XCSwiftPackageProductDependency;
			package = 21C21C502A34B7C400F40BE3 /* XCRemoteSwiftPackageReference "IQKeyboardManager" */;
			productName = IQKeyboardManagerSwift;
		};
		21E1480E2A7F62BE00B503C2 /* FirebaseAuth */ = {
			isa = XCSwiftPackageProductDependency;
			package = 2106C4162A5C997A00446620 /* XCRemoteSwiftPackageReference "firebase-ios-sdk" */;
			productName = FirebaseAuth;
		};
		21E148102A7F62C900B503C2 /* FirebaseDatabase */ = {
			isa = XCSwiftPackageProductDependency;
			package = 2106C4162A5C997A00446620 /* XCRemoteSwiftPackageReference "firebase-ios-sdk" */;
			productName = FirebaseDatabase;
		};
		ECB40BCC2C51125300818E9C /* RealmSwift */ = {
			isa = XCSwiftPackageProductDependency;
			package = ECB40BCB2C51125300818E9C /* XCRemoteSwiftPackageReference "realm-swift" */;
			productName = RealmSwift;
		};
		ECF48EDD2C70B5C3008808B0 /* OpenAI */ = {
			isa = XCSwiftPackageProductDependency;
			package = ECF48EDC2C70B5C3008808B0 /* XCRemoteSwiftPackageReference "OpenAI" */;
			productName = OpenAI;
		};
/* End XCSwiftPackageProductDependency section */
	};
	rootObject = 218DA9BD2A2B205800459C61 /* Project object */;
}
